// !$*UTF8*$!
{
	archiveVersion = 1;
	classes = {
	};
	objectVersion = 60;
	objects = {

/* Begin PBXBuildFile section */
		78671E9D2C33DEB7006E7DD6 /* AppDelegate.swift in Sources */ = {isa = PBXBuildFile; fileRef = 78671E9C2C33DEB7006E7DD6 /* AppDelegate.swift */; };
		78671E9F2C33DEB7006E7DD6 /* SceneDelegate.swift in Sources */ = {isa = PBXBuildFile; fileRef = 78671E9E2C33DEB7006E7DD6 /* SceneDelegate.swift */; };
		78671EA62C33DEB8006E7DD6 /* Assets.xcassets in Resources */ = {isa = PBXBuildFile; fileRef = 78671EA52C33DEB8006E7DD6 /* Assets.xcassets */; };
		78671EB42C33DEB8006E7DD6 /* MyCommunityChat_iOSTests.swift in Sources */ = {isa = PBXBuildFile; fileRef = 78671EB32C33DEB8006E7DD6 /* MyCommunityChat_iOSTests.swift */; };
		78671EBE2C33DEB8006E7DD6 /* MyCommunityChat_iOSUITests.swift in Sources */ = {isa = PBXBuildFile; fileRef = 78671EBD2C33DEB8006E7DD6 /* MyCommunityChat_iOSUITests.swift */; };
		78671EC02C33DEB8006E7DD6 /* MyCommunityChat_iOSUITestsLaunchTests.swift in Sources */ = {isa = PBXBuildFile; fileRef = 78671EBF2C33DEB8006E7DD6 /* MyCommunityChat_iOSUITestsLaunchTests.swift */; };
		78671FF52C33FDD8006E7DD6 /* LaunchScreen.storyboard in Resources */ = {isa = PBXBuildFile; fileRef = 78671FF42C33FDD8006E7DD6 /* LaunchScreen.storyboard */; };
		78671FFC2C345D92006E7DD6 /* Colors.xcassets in Resources */ = {isa = PBXBuildFile; fileRef = 78671FFB2C345D92006E7DD6 /* Colors.xcassets */; };
		786720072C345F2B006E7DD6 /* RobotoSlab-SemiBold.ttf in Resources */ = {isa = PBXBuildFile; fileRef = 78671FFE2C345F2B006E7DD6 /* RobotoSlab-SemiBold.ttf */; };
		786720082C345F2B006E7DD6 /* RobotoSlab-ExtraLight.ttf in Resources */ = {isa = PBXBuildFile; fileRef = 78671FFF2C345F2B006E7DD6 /* RobotoSlab-ExtraLight.ttf */; };
		786720092C345F2B006E7DD6 /* RobotoSlab-Thin.ttf in Resources */ = {isa = PBXBuildFile; fileRef = 786720002C345F2B006E7DD6 /* RobotoSlab-Thin.ttf */; };
		7867200A2C345F2B006E7DD6 /* RobotoSlab-ExtraBold.ttf in Resources */ = {isa = PBXBuildFile; fileRef = 786720012C345F2B006E7DD6 /* RobotoSlab-ExtraBold.ttf */; };
		7867200B2C345F2B006E7DD6 /* RobotoSlab-Bold.ttf in Resources */ = {isa = PBXBuildFile; fileRef = 786720022C345F2B006E7DD6 /* RobotoSlab-Bold.ttf */; };
		7867200C2C345F2B006E7DD6 /* RobotoSlab-Regular.ttf in Resources */ = {isa = PBXBuildFile; fileRef = 786720032C345F2B006E7DD6 /* RobotoSlab-Regular.ttf */; };
		7867200D2C345F2B006E7DD6 /* RobotoSlab-Light.ttf in Resources */ = {isa = PBXBuildFile; fileRef = 786720042C345F2B006E7DD6 /* RobotoSlab-Light.ttf */; };
		7867200E2C345F2B006E7DD6 /* RobotoSlab-Black.ttf in Resources */ = {isa = PBXBuildFile; fileRef = 786720052C345F2B006E7DD6 /* RobotoSlab-Black.ttf */; };
		7867200F2C345F2B006E7DD6 /* RobotoSlab-Medium.ttf in Resources */ = {isa = PBXBuildFile; fileRef = 786720062C345F2B006E7DD6 /* RobotoSlab-Medium.ttf */; };
		78AC9E882C3FB8EF001A7B4C /* ReactionCell.swift in Sources */ = {isa = PBXBuildFile; fileRef = 78AC9E872C3FB8EF001A7B4C /* ReactionCell.swift */; };
		78AC9E8A2C3FB917001A7B4C /* ReactionPopupController.swift in Sources */ = {isa = PBXBuildFile; fileRef = 78AC9E892C3FB917001A7B4C /* ReactionPopupController.swift */; };
		78BB8A252C34762200F3BA57 /* SplashController.swift in Sources */ = {isa = PBXBuildFile; fileRef = 78BB8A232C34762200F3BA57 /* SplashController.swift */; };
		78BB8A262C34762200F3BA57 /* SplashController.xib in Resources */ = {isa = PBXBuildFile; fileRef = 78BB8A242C34762200F3BA57 /* SplashController.xib */; };
		78BB8A292C3476BF00F3BA57 /* Animation.json in Resources */ = {isa = PBXBuildFile; fileRef = 78BB8A282C3476BF00F3BA57 /* Animation.json */; };
		78F785AC2C495FE100ABCEB9 /* ChatRoomViewController+TableView.swift in Sources */ = {isa = PBXBuildFile; fileRef = 78F785AB2C495FE100ABCEB9 /* ChatRoomViewController+TableView.swift */; };
		78F785AE2C4972B300ABCEB9 /* ChatRoomViewController+CollectionView.swift in Sources */ = {isa = PBXBuildFile; fileRef = 78F785AD2C4972B300ABCEB9 /* ChatRoomViewController+CollectionView.swift */; };
		81E8055BB82443DB50160639 /* Pods_MyCommunityChat_iOSTests.framework in Frameworks */ = {isa = PBXBuildFile; fileRef = B6057D1E2203D8783C2A4528 /* Pods_MyCommunityChat_iOSTests.framework */; };
		A8ED4B085B1121C71C39C6C2 /* Pods_MyCommunityChat_iOSUITests.framework in Frameworks */ = {isa = PBXBuildFile; fileRef = 663FE77F4D97B28E5205CBF1 /* Pods_MyCommunityChat_iOSUITests.framework */; };
		B571B169F2121B7FCEE7080B /* Pods_MyCommunityChat_iOS.framework in Frameworks */ = {isa = PBXBuildFile; fileRef = AE5A0EE4C66FD212F9B9EDA6 /* Pods_MyCommunityChat_iOS.framework */; };
		B6937959EE40A81E16B8A288 /* Pods_OneSignalNotificationServiceExtension.framework in Frameworks */ = {isa = PBXBuildFile; fileRef = EDE112819BFE0B5693AF9E60 /* Pods_OneSignalNotificationServiceExtension.framework */; };
		F01926A62C466D3400F71D98 /* MessageSettingTableViewCell.xib in Resources */ = {isa = PBXBuildFile; fileRef = F01926A52C466D3400F71D98 /* MessageSettingTableViewCell.xib */; };
		F01926A72C466D3400F71D98 /* MessageSettingTableViewCell.swift in Sources */ = {isa = PBXBuildFile; fileRef = F01926A42C466D3400F71D98 /* MessageSettingTableViewCell.swift */; };
		F05107CC2C4104CD003A7823 /* NotificationService.swift in Sources */ = {isa = PBXBuildFile; fileRef = F05107CB2C4104CD003A7823 /* NotificationService.swift */; };
		F05107D02C4104CD003A7823 /* OneSignalNotificationServiceExtension.appex in Embed Foundation Extensions */ = {isa = PBXBuildFile; fileRef = F05107C92C4104CD003A7823 /* OneSignalNotificationServiceExtension.appex */; settings = {ATTRIBUTES = (RemoveHeadersOnCopy, ); }; };
		F06C3D142C404F50004F5379 /* DateTimePickerViewController.swift in Sources */ = {isa = PBXBuildFile; fileRef = F06C3D122C404F50004F5379 /* DateTimePickerViewController.swift */; };
		F06C3D152C404F50004F5379 /* DateTimePickerViewController.xib in Resources */ = {isa = PBXBuildFile; fileRef = F06C3D132C404F50004F5379 /* DateTimePickerViewController.xib */; };
		F072C5852C4610A80069045A /* ForwardTableViewCell.xib in Resources */ = {isa = PBXBuildFile; fileRef = F072C5842C4610A80069045A /* ForwardTableViewCell.xib */; };
		F072C5862C4610A80069045A /* ForwardTableViewCell.swift in Sources */ = {isa = PBXBuildFile; fileRef = F072C5832C4610A80069045A /* ForwardTableViewCell.swift */; };
		F072C5892C4611560069045A /* ForwardViewController.xib in Resources */ = {isa = PBXBuildFile; fileRef = F072C5882C4611560069045A /* ForwardViewController.xib */; };
		F072C58A2C4611560069045A /* ForwardViewController.swift in Sources */ = {isa = PBXBuildFile; fileRef = F072C5872C4611560069045A /* ForwardViewController.swift */; };
		F072C58C2C4614010069045A /* ForwardModel.swift in Sources */ = {isa = PBXBuildFile; fileRef = F072C58B2C4614010069045A /* ForwardModel.swift */; };
		F072C58E2C4629470069045A /* ForwardViewModel.swift in Sources */ = {isa = PBXBuildFile; fileRef = F072C58D2C4629470069045A /* ForwardViewModel.swift */; };
		F07CBE762C369D6800A2DD8B /* ChatRoomModel.swift in Sources */ = {isa = PBXBuildFile; fileRef = F07CBE5B2C369D6700A2DD8B /* ChatRoomModel.swift */; };
		F07CBE772C369D6800A2DD8B /* ChatRoomViewController.swift in Sources */ = {isa = PBXBuildFile; fileRef = F07CBE5D2C369D6700A2DD8B /* ChatRoomViewController.swift */; };
		F07CBE782C369D6800A2DD8B /* ChatRoomViewController.xib in Resources */ = {isa = PBXBuildFile; fileRef = F07CBE5E2C369D6700A2DD8B /* ChatRoomViewController.xib */; };
		F07CBE792C369D6800A2DD8B /* ChatRoomViewModel.swift in Sources */ = {isa = PBXBuildFile; fileRef = F07CBE602C369D6700A2DD8B /* ChatRoomViewModel.swift */; };
		F07CBE7A2C369D6800A2DD8B /* ReceiveImageTableViewCell.swift in Sources */ = {isa = PBXBuildFile; fileRef = F07CBE622C369D6700A2DD8B /* ReceiveImageTableViewCell.swift */; };
		F07CBE7B2C369D6800A2DD8B /* ReceiveImageTableViewCell.xib in Resources */ = {isa = PBXBuildFile; fileRef = F07CBE632C369D6700A2DD8B /* ReceiveImageTableViewCell.xib */; };
		F07CBE7C2C369D6800A2DD8B /* ReceiveMessageTableViewCell.swift in Sources */ = {isa = PBXBuildFile; fileRef = F07CBE642C369D6700A2DD8B /* ReceiveMessageTableViewCell.swift */; };
		F07CBE7D2C369D6800A2DD8B /* ReceiveMessageTableViewCell.xib in Resources */ = {isa = PBXBuildFile; fileRef = F07CBE652C369D6700A2DD8B /* ReceiveMessageTableViewCell.xib */; };
		F07CBE7E2C369D6800A2DD8B /* SendImgeTableViewCell.swift in Sources */ = {isa = PBXBuildFile; fileRef = F07CBE662C369D6700A2DD8B /* SendImgeTableViewCell.swift */; };
		F07CBE7F2C369D6800A2DD8B /* SendImgeTableViewCell.xib in Resources */ = {isa = PBXBuildFile; fileRef = F07CBE672C369D6700A2DD8B /* SendImgeTableViewCell.xib */; };
		F07CBE802C369D6800A2DD8B /* SendMessageTableViewCell.swift in Sources */ = {isa = PBXBuildFile; fileRef = F07CBE682C369D6700A2DD8B /* SendMessageTableViewCell.swift */; };
		F07CBE812C369D6800A2DD8B /* SendMessageTableViewCell.xib in Resources */ = {isa = PBXBuildFile; fileRef = F07CBE692C369D6700A2DD8B /* SendMessageTableViewCell.xib */; };
		F07CBE822C369D6800A2DD8B /* HomeModel.swift in Sources */ = {isa = PBXBuildFile; fileRef = F07CBE6C2C369D6700A2DD8B /* HomeModel.swift */; };
		F07CBE832C369D6800A2DD8B /* HomeViewController.swift in Sources */ = {isa = PBXBuildFile; fileRef = F07CBE6E2C369D6700A2DD8B /* HomeViewController.swift */; };
		F07CBE842C369D6800A2DD8B /* HomeViewModel.swift in Sources */ = {isa = PBXBuildFile; fileRef = F07CBE702C369D6700A2DD8B /* HomeViewModel.swift */; };
		F07CBE852C369D6800A2DD8B /* UserTableViewCell.swift in Sources */ = {isa = PBXBuildFile; fileRef = F07CBE722C369D6700A2DD8B /* UserTableViewCell.swift */; };
		F07CBE862C369D6800A2DD8B /* UserTableViewCell.xib in Resources */ = {isa = PBXBuildFile; fileRef = F07CBE732C369D6700A2DD8B /* UserTableViewCell.xib */; };
		F07CBE8E2C369D8100A2DD8B /* BaseViewController.swift in Sources */ = {isa = PBXBuildFile; fileRef = F07CBE872C369D8100A2DD8B /* BaseViewController.swift */; };
		F07CBE8F2C369D8100A2DD8B /* BaseViewModel.swift in Sources */ = {isa = PBXBuildFile; fileRef = F07CBE882C369D8100A2DD8B /* BaseViewModel.swift */; };
		F07CBE902C369D8100A2DD8B /* ChatManager.swift in Sources */ = {isa = PBXBuildFile; fileRef = F07CBE8A2C369D8100A2DD8B /* ChatManager.swift */; };
		F07CBE912C369D8100A2DD8B /* StringCosntants.swift in Sources */ = {isa = PBXBuildFile; fileRef = F07CBE8C2C369D8100A2DD8B /* StringCosntants.swift */; };
		F07CBE952C369DC500A2DD8B /* Main.storyboard in Resources */ = {isa = PBXBuildFile; fileRef = F07CBE942C369DC500A2DD8B /* Main.storyboard */; };
		F07CBE9F2C36E49700A2DD8B /* UserInfoManager.swift in Sources */ = {isa = PBXBuildFile; fileRef = F07CBE9E2C36E49700A2DD8B /* UserInfoManager.swift */; };
		F07CBEAC2C37274400A2DD8B /* ProfileImageView.swift in Sources */ = {isa = PBXBuildFile; fileRef = F07CBEAB2C37274300A2DD8B /* ProfileImageView.swift */; };
		F07CBED82C37A92E00A2DD8B /* GoogleService-Info.plist in Resources */ = {isa = PBXBuildFile; fileRef = F07CBED72C37A92E00A2DD8B /* GoogleService-Info.plist */; };
		F086AA1F2C40C3C100442AF4 /* DataBaseManager.swift in Sources */ = {isa = PBXBuildFile; fileRef = F086AA1E2C40C3C100442AF4 /* DataBaseManager.swift */; };
		F086AA222C40C43F00442AF4 /* NotiDbObject.swift in Sources */ = {isa = PBXBuildFile; fileRef = F086AA212C40C43E00442AF4 /* NotiDbObject.swift */; };
		F086AA242C40C45200442AF4 /* NotiDBRealmObject.swift in Sources */ = {isa = PBXBuildFile; fileRef = F086AA232C40C45200442AF4 /* NotiDBRealmObject.swift */; };
		F0888FE42C51FF2800DD28F0 /* ImageLayoutViewController.xib in Resources */ = {isa = PBXBuildFile; fileRef = F0888FE32C51FF2800DD28F0 /* ImageLayoutViewController.xib */; };
		F0888FE52C51FF2800DD28F0 /* ImageLayoutViewController.swift in Sources */ = {isa = PBXBuildFile; fileRef = F0888FE22C51FF2800DD28F0 /* ImageLayoutViewController.swift */; };
		F0888FE82C51FF3B00DD28F0 /* ImageLayoutTableViewCell.xib in Resources */ = {isa = PBXBuildFile; fileRef = F0888FE72C51FF3B00DD28F0 /* ImageLayoutTableViewCell.xib */; };
		F0888FE92C51FF3B00DD28F0 /* ImageLayoutTableViewCell.swift in Sources */ = {isa = PBXBuildFile; fileRef = F0888FE62C51FF3B00DD28F0 /* ImageLayoutTableViewCell.swift */; };
		F0888FEF2C52051200DD28F0 /* ImageLayoutTableViewCell + CollectionView.swift in Sources */ = {isa = PBXBuildFile; fileRef = F0888FEE2C52051200DD28F0 /* ImageLayoutTableViewCell + CollectionView.swift */; };
		F0888FF72C53514400DD28F0 /* ImageLayoutCollectionViewCell.swift in Sources */ = {isa = PBXBuildFile; fileRef = F0888FF42C53514400DD28F0 /* ImageLayoutCollectionViewCell.swift */; };
		F0888FFE2C538D7D00DD28F0 /* ImageStackLayoutTableViewCell.xib in Resources */ = {isa = PBXBuildFile; fileRef = F0888FFD2C538D7D00DD28F0 /* ImageStackLayoutTableViewCell.xib */; };
		F0888FFF2C538D7D00DD28F0 /* ImageStackLayoutTableViewCell.swift in Sources */ = {isa = PBXBuildFile; fileRef = F0888FFC2C538D7D00DD28F0 /* ImageStackLayoutTableViewCell.swift */; };
		F0F9D5572C37F67C0061382F /* Auth.framework in Frameworks */ = {isa = PBXBuildFile; fileRef = 78671F422C33E94F006E7DD6 /* Auth.framework */; };
		F0F9D5582C37F67C0061382F /* Auth.framework in Embed Frameworks */ = {isa = PBXBuildFile; fileRef = 78671F422C33E94F006E7DD6 /* Auth.framework */; settings = {ATTRIBUTES = (CodeSignOnCopy, RemoveHeadersOnCopy, ); }; };
		F0F9D55A2C37F6A80061382F /* Domain.framework in Frameworks */ = {isa = PBXBuildFile; fileRef = F07CBEA02C36EB5300A2DD8B /* Domain.framework */; };
		F0F9D55B2C37F6A80061382F /* Domain.framework in Embed Frameworks */ = {isa = PBXBuildFile; fileRef = F07CBEA02C36EB5300A2DD8B /* Domain.framework */; settings = {ATTRIBUTES = (CodeSignOnCopy, RemoveHeadersOnCopy, ); }; };
		F0F9D55C2C37F6CD0061382F /* CommonUI.framework in Frameworks */ = {isa = PBXBuildFile; fileRef = F07CBEA62C36EBCD00A2DD8B /* CommonUI.framework */; };
		F0F9D55D2C37F6CD0061382F /* CommonUI.framework in Embed Frameworks */ = {isa = PBXBuildFile; fileRef = F07CBEA62C36EBCD00A2DD8B /* CommonUI.framework */; settings = {ATTRIBUTES = (CodeSignOnCopy, RemoveHeadersOnCopy, ); }; };
		F0F9D55E2C37F6D10061382F /* CommonExtension.framework in Frameworks */ = {isa = PBXBuildFile; fileRef = F07CBEA32C36EBC000A2DD8B /* CommonExtension.framework */; };
		F0F9D55F2C37F6D10061382F /* CommonExtension.framework in Embed Frameworks */ = {isa = PBXBuildFile; fileRef = F07CBEA32C36EBC000A2DD8B /* CommonExtension.framework */; settings = {ATTRIBUTES = (CodeSignOnCopy, RemoveHeadersOnCopy, ); }; };
		F0FCCA002C3FCE7A002BC1B0 /* BaseView.swift in Sources */ = {isa = PBXBuildFile; fileRef = F0FCC9FF2C3FCE7A002BC1B0 /* BaseView.swift */; };
		F0FCCA022C3FCE90002BC1B0 /* MorePopupView.swift in Sources */ = {isa = PBXBuildFile; fileRef = F0FCCA012C3FCE90002BC1B0 /* MorePopupView.swift */; };
		F0FCCA042C3FCE9F002BC1B0 /* MorePopupView.xib in Resources */ = {isa = PBXBuildFile; fileRef = F0FCCA032C3FCE9F002BC1B0 /* MorePopupView.xib */; };
		F0FCCA072C3FD3BC002BC1B0 /* MorePopupTableViewCell.xib in Resources */ = {isa = PBXBuildFile; fileRef = F0FCCA062C3FD3BC002BC1B0 /* MorePopupTableViewCell.xib */; };
		F0FCCA082C3FD3BC002BC1B0 /* MorePopupTableViewCell.swift in Sources */ = {isa = PBXBuildFile; fileRef = F0FCCA052C3FD3BC002BC1B0 /* MorePopupTableViewCell.swift */; };
		F0FCCA0B2C402274002BC1B0 /* StickerCollectionViewCell.xib in Resources */ = {isa = PBXBuildFile; fileRef = F0FCCA0A2C402274002BC1B0 /* StickerCollectionViewCell.xib */; };
		F0FCCA0C2C402274002BC1B0 /* StickerCollectionViewCell.swift in Sources */ = {isa = PBXBuildFile; fileRef = F0FCCA092C402274002BC1B0 /* StickerCollectionViewCell.swift */; };
/* End PBXBuildFile section */

/* Begin PBXContainerItemProxy section */
		78671EB02C33DEB8006E7DD6 /* PBXContainerItemProxy */ = {
			isa = PBXContainerItemProxy;
			containerPortal = 78671E912C33DEB7006E7DD6 /* Project object */;
			proxyType = 1;
			remoteGlobalIDString = 78671E982C33DEB7006E7DD6;
			remoteInfo = "MyCommunityChat-iOS";
		};
		78671EBA2C33DEB8006E7DD6 /* PBXContainerItemProxy */ = {
			isa = PBXContainerItemProxy;
			containerPortal = 78671E912C33DEB7006E7DD6 /* Project object */;
			proxyType = 1;
			remoteGlobalIDString = 78671E982C33DEB7006E7DD6;
			remoteInfo = "MyCommunityChat-iOS";
		};
		F05107CE2C4104CD003A7823 /* PBXContainerItemProxy */ = {
			isa = PBXContainerItemProxy;
			containerPortal = 78671E912C33DEB7006E7DD6 /* Project object */;
			proxyType = 1;
			remoteGlobalIDString = F05107C82C4104CD003A7823;
			remoteInfo = OneSignalNotificationServiceExtension;
		};
/* End PBXContainerItemProxy section */

/* Begin PBXCopyFilesBuildPhase section */
		F05B2A042C3D2B630037B3C3 /* Embed Foundation Extensions */ = {
			isa = PBXCopyFilesBuildPhase;
			buildActionMask = 2147483647;
			dstPath = "";
			dstSubfolderSpec = 13;
			files = (
				F05107D02C4104CD003A7823 /* OneSignalNotificationServiceExtension.appex in Embed Foundation Extensions */,
			);
			name = "Embed Foundation Extensions";
			runOnlyForDeploymentPostprocessing = 0;
		};
		F0F9D5592C37F67C0061382F /* Embed Frameworks */ = {
			isa = PBXCopyFilesBuildPhase;
			buildActionMask = 2147483647;
			dstPath = "";
			dstSubfolderSpec = 10;
			files = (
				F0F9D55D2C37F6CD0061382F /* CommonUI.framework in Embed Frameworks */,
				F0F9D55B2C37F6A80061382F /* Domain.framework in Embed Frameworks */,
				F0F9D5582C37F67C0061382F /* Auth.framework in Embed Frameworks */,
				F0F9D55F2C37F6D10061382F /* CommonExtension.framework in Embed Frameworks */,
			);
			name = "Embed Frameworks";
			runOnlyForDeploymentPostprocessing = 0;
		};
/* End PBXCopyFilesBuildPhase section */

/* Begin PBXFileReference section */
		024848DAAB223B76D1958E15 /* Pods-OneSignalNotificationServiceExtension.debug.xcconfig */ = {isa = PBXFileReference; includeInIndex = 1; lastKnownFileType = text.xcconfig; name = "Pods-OneSignalNotificationServiceExtension.debug.xcconfig"; path = "Target Support Files/Pods-OneSignalNotificationServiceExtension/Pods-OneSignalNotificationServiceExtension.debug.xcconfig"; sourceTree = "<group>"; };
		4268578DE28D57B67DF45F00 /* Pods-OneSignalNotificationServiceExtension.release.xcconfig */ = {isa = PBXFileReference; includeInIndex = 1; lastKnownFileType = text.xcconfig; name = "Pods-OneSignalNotificationServiceExtension.release.xcconfig"; path = "Target Support Files/Pods-OneSignalNotificationServiceExtension/Pods-OneSignalNotificationServiceExtension.release.xcconfig"; sourceTree = "<group>"; };
		487F0ACE53C385CF723C9745 /* Pods-MyCommunityChat-iOSUITests.debug.xcconfig */ = {isa = PBXFileReference; includeInIndex = 1; lastKnownFileType = text.xcconfig; name = "Pods-MyCommunityChat-iOSUITests.debug.xcconfig"; path = "Target Support Files/Pods-MyCommunityChat-iOSUITests/Pods-MyCommunityChat-iOSUITests.debug.xcconfig"; sourceTree = "<group>"; };
		50B39DB6E89EB582DFA60FC9 /* Pods-MyCommunityChat-iOSTests.debug.xcconfig */ = {isa = PBXFileReference; includeInIndex = 1; lastKnownFileType = text.xcconfig; name = "Pods-MyCommunityChat-iOSTests.debug.xcconfig"; path = "Target Support Files/Pods-MyCommunityChat-iOSTests/Pods-MyCommunityChat-iOSTests.debug.xcconfig"; sourceTree = "<group>"; };
		565E49CCF3606F9BA374ECD8 /* Pods-MyCommunityChat-iOSUITests.release.xcconfig */ = {isa = PBXFileReference; includeInIndex = 1; lastKnownFileType = text.xcconfig; name = "Pods-MyCommunityChat-iOSUITests.release.xcconfig"; path = "Target Support Files/Pods-MyCommunityChat-iOSUITests/Pods-MyCommunityChat-iOSUITests.release.xcconfig"; sourceTree = "<group>"; };
		5713A2433D32BAA98B5AB4EB /* Pods-MyCommunityChat-iOS.debug.xcconfig */ = {isa = PBXFileReference; includeInIndex = 1; lastKnownFileType = text.xcconfig; name = "Pods-MyCommunityChat-iOS.debug.xcconfig"; path = "Target Support Files/Pods-MyCommunityChat-iOS/Pods-MyCommunityChat-iOS.debug.xcconfig"; sourceTree = "<group>"; };
		663FE77F4D97B28E5205CBF1 /* Pods_MyCommunityChat_iOSUITests.framework */ = {isa = PBXFileReference; explicitFileType = wrapper.framework; includeInIndex = 0; path = Pods_MyCommunityChat_iOSUITests.framework; sourceTree = BUILT_PRODUCTS_DIR; };
		78671E992C33DEB7006E7DD6 /* MyCommunityChat-iOS.app */ = {isa = PBXFileReference; explicitFileType = wrapper.application; includeInIndex = 0; path = "MyCommunityChat-iOS.app"; sourceTree = BUILT_PRODUCTS_DIR; };
		78671E9C2C33DEB7006E7DD6 /* AppDelegate.swift */ = {isa = PBXFileReference; lastKnownFileType = sourcecode.swift; path = AppDelegate.swift; sourceTree = "<group>"; };
		78671E9E2C33DEB7006E7DD6 /* SceneDelegate.swift */ = {isa = PBXFileReference; lastKnownFileType = sourcecode.swift; path = SceneDelegate.swift; sourceTree = "<group>"; };
		78671EA52C33DEB8006E7DD6 /* Assets.xcassets */ = {isa = PBXFileReference; lastKnownFileType = folder.assetcatalog; path = Assets.xcassets; sourceTree = "<group>"; };
		78671EAA2C33DEB8006E7DD6 /* Info.plist */ = {isa = PBXFileReference; lastKnownFileType = text.plist.xml; path = Info.plist; sourceTree = "<group>"; };
		78671EAF2C33DEB8006E7DD6 /* MyCommunityChat-iOSTests.xctest */ = {isa = PBXFileReference; explicitFileType = wrapper.cfbundle; includeInIndex = 0; path = "MyCommunityChat-iOSTests.xctest"; sourceTree = BUILT_PRODUCTS_DIR; };
		78671EB32C33DEB8006E7DD6 /* MyCommunityChat_iOSTests.swift */ = {isa = PBXFileReference; lastKnownFileType = sourcecode.swift; path = MyCommunityChat_iOSTests.swift; sourceTree = "<group>"; };
		78671EB92C33DEB8006E7DD6 /* MyCommunityChat-iOSUITests.xctest */ = {isa = PBXFileReference; explicitFileType = wrapper.cfbundle; includeInIndex = 0; path = "MyCommunityChat-iOSUITests.xctest"; sourceTree = BUILT_PRODUCTS_DIR; };
		78671EBD2C33DEB8006E7DD6 /* MyCommunityChat_iOSUITests.swift */ = {isa = PBXFileReference; lastKnownFileType = sourcecode.swift; path = MyCommunityChat_iOSUITests.swift; sourceTree = "<group>"; };
		78671EBF2C33DEB8006E7DD6 /* MyCommunityChat_iOSUITestsLaunchTests.swift */ = {isa = PBXFileReference; lastKnownFileType = sourcecode.swift; path = MyCommunityChat_iOSUITestsLaunchTests.swift; sourceTree = "<group>"; };
		78671F422C33E94F006E7DD6 /* Auth.framework */ = {isa = PBXFileReference; explicitFileType = wrapper.framework; path = Auth.framework; sourceTree = BUILT_PRODUCTS_DIR; };
		78671F432C33E94F006E7DD6 /* Data.framework */ = {isa = PBXFileReference; explicitFileType = wrapper.framework; path = Data.framework; sourceTree = BUILT_PRODUCTS_DIR; };
		78671FF42C33FDD8006E7DD6 /* LaunchScreen.storyboard */ = {isa = PBXFileReference; lastKnownFileType = file.storyboard; path = LaunchScreen.storyboard; sourceTree = "<group>"; };
		78671FFB2C345D92006E7DD6 /* Colors.xcassets */ = {isa = PBXFileReference; lastKnownFileType = folder.assetcatalog; path = Colors.xcassets; sourceTree = "<group>"; };
		78671FFE2C345F2B006E7DD6 /* RobotoSlab-SemiBold.ttf */ = {isa = PBXFileReference; lastKnownFileType = file; path = "RobotoSlab-SemiBold.ttf"; sourceTree = "<group>"; };
		78671FFF2C345F2B006E7DD6 /* RobotoSlab-ExtraLight.ttf */ = {isa = PBXFileReference; lastKnownFileType = file; path = "RobotoSlab-ExtraLight.ttf"; sourceTree = "<group>"; };
		786720002C345F2B006E7DD6 /* RobotoSlab-Thin.ttf */ = {isa = PBXFileReference; lastKnownFileType = file; path = "RobotoSlab-Thin.ttf"; sourceTree = "<group>"; };
		786720012C345F2B006E7DD6 /* RobotoSlab-ExtraBold.ttf */ = {isa = PBXFileReference; lastKnownFileType = file; path = "RobotoSlab-ExtraBold.ttf"; sourceTree = "<group>"; };
		786720022C345F2B006E7DD6 /* RobotoSlab-Bold.ttf */ = {isa = PBXFileReference; lastKnownFileType = file; path = "RobotoSlab-Bold.ttf"; sourceTree = "<group>"; };
		786720032C345F2B006E7DD6 /* RobotoSlab-Regular.ttf */ = {isa = PBXFileReference; lastKnownFileType = file; path = "RobotoSlab-Regular.ttf"; sourceTree = "<group>"; };
		786720042C345F2B006E7DD6 /* RobotoSlab-Light.ttf */ = {isa = PBXFileReference; lastKnownFileType = file; path = "RobotoSlab-Light.ttf"; sourceTree = "<group>"; };
		786720052C345F2B006E7DD6 /* RobotoSlab-Black.ttf */ = {isa = PBXFileReference; lastKnownFileType = file; path = "RobotoSlab-Black.ttf"; sourceTree = "<group>"; };
		786720062C345F2B006E7DD6 /* RobotoSlab-Medium.ttf */ = {isa = PBXFileReference; lastKnownFileType = file; path = "RobotoSlab-Medium.ttf"; sourceTree = "<group>"; };
		78AC9E872C3FB8EF001A7B4C /* ReactionCell.swift */ = {isa = PBXFileReference; lastKnownFileType = sourcecode.swift; path = ReactionCell.swift; sourceTree = "<group>"; };
		78AC9E892C3FB917001A7B4C /* ReactionPopupController.swift */ = {isa = PBXFileReference; lastKnownFileType = sourcecode.swift; path = ReactionPopupController.swift; sourceTree = "<group>"; };
		78BB8A232C34762200F3BA57 /* SplashController.swift */ = {isa = PBXFileReference; lastKnownFileType = sourcecode.swift; path = SplashController.swift; sourceTree = "<group>"; };
		78BB8A242C34762200F3BA57 /* SplashController.xib */ = {isa = PBXFileReference; lastKnownFileType = file.xib; path = SplashController.xib; sourceTree = "<group>"; };
		78BB8A282C3476BF00F3BA57 /* Animation.json */ = {isa = PBXFileReference; fileEncoding = 4; lastKnownFileType = text.json; path = Animation.json; sourceTree = "<group>"; };
		78F785AB2C495FE100ABCEB9 /* ChatRoomViewController+TableView.swift */ = {isa = PBXFileReference; lastKnownFileType = sourcecode.swift; path = "ChatRoomViewController+TableView.swift"; sourceTree = "<group>"; };
		78F785AD2C4972B300ABCEB9 /* ChatRoomViewController+CollectionView.swift */ = {isa = PBXFileReference; lastKnownFileType = sourcecode.swift; path = "ChatRoomViewController+CollectionView.swift"; sourceTree = "<group>"; };
		999216BD89321ADCAC3DDB45 /* Pods-MyCommunityChat-iOS.release.xcconfig */ = {isa = PBXFileReference; includeInIndex = 1; lastKnownFileType = text.xcconfig; name = "Pods-MyCommunityChat-iOS.release.xcconfig"; path = "Target Support Files/Pods-MyCommunityChat-iOS/Pods-MyCommunityChat-iOS.release.xcconfig"; sourceTree = "<group>"; };
		AE5A0EE4C66FD212F9B9EDA6 /* Pods_MyCommunityChat_iOS.framework */ = {isa = PBXFileReference; explicitFileType = wrapper.framework; includeInIndex = 0; path = Pods_MyCommunityChat_iOS.framework; sourceTree = BUILT_PRODUCTS_DIR; };
		B6057D1E2203D8783C2A4528 /* Pods_MyCommunityChat_iOSTests.framework */ = {isa = PBXFileReference; explicitFileType = wrapper.framework; includeInIndex = 0; path = Pods_MyCommunityChat_iOSTests.framework; sourceTree = BUILT_PRODUCTS_DIR; };
		EDE112819BFE0B5693AF9E60 /* Pods_OneSignalNotificationServiceExtension.framework */ = {isa = PBXFileReference; explicitFileType = wrapper.framework; includeInIndex = 0; path = Pods_OneSignalNotificationServiceExtension.framework; sourceTree = BUILT_PRODUCTS_DIR; };
		F01926A42C466D3400F71D98 /* MessageSettingTableViewCell.swift */ = {isa = PBXFileReference; lastKnownFileType = sourcecode.swift; path = MessageSettingTableViewCell.swift; sourceTree = "<group>"; };
		F01926A52C466D3400F71D98 /* MessageSettingTableViewCell.xib */ = {isa = PBXFileReference; lastKnownFileType = file.xib; path = MessageSettingTableViewCell.xib; sourceTree = "<group>"; };
		F05107C92C4104CD003A7823 /* OneSignalNotificationServiceExtension.appex */ = {isa = PBXFileReference; explicitFileType = "wrapper.app-extension"; includeInIndex = 0; path = OneSignalNotificationServiceExtension.appex; sourceTree = BUILT_PRODUCTS_DIR; };
		F05107CB2C4104CD003A7823 /* NotificationService.swift */ = {isa = PBXFileReference; lastKnownFileType = sourcecode.swift; path = NotificationService.swift; sourceTree = "<group>"; };
		F05107CD2C4104CD003A7823 /* Info.plist */ = {isa = PBXFileReference; lastKnownFileType = text.plist.xml; path = Info.plist; sourceTree = "<group>"; };
		F05107D42C410508003A7823 /* OneSignalNotificationServiceExtension.entitlements */ = {isa = PBXFileReference; lastKnownFileType = text.plist.entitlements; path = OneSignalNotificationServiceExtension.entitlements; sourceTree = "<group>"; };
		F06C3D122C404F50004F5379 /* DateTimePickerViewController.swift */ = {isa = PBXFileReference; lastKnownFileType = sourcecode.swift; path = DateTimePickerViewController.swift; sourceTree = "<group>"; };
		F06C3D132C404F50004F5379 /* DateTimePickerViewController.xib */ = {isa = PBXFileReference; lastKnownFileType = file.xib; path = DateTimePickerViewController.xib; sourceTree = "<group>"; };
		F072C5832C4610A80069045A /* ForwardTableViewCell.swift */ = {isa = PBXFileReference; lastKnownFileType = sourcecode.swift; path = ForwardTableViewCell.swift; sourceTree = "<group>"; };
		F072C5842C4610A80069045A /* ForwardTableViewCell.xib */ = {isa = PBXFileReference; lastKnownFileType = file.xib; path = ForwardTableViewCell.xib; sourceTree = "<group>"; };
		F072C5872C4611560069045A /* ForwardViewController.swift */ = {isa = PBXFileReference; lastKnownFileType = sourcecode.swift; path = ForwardViewController.swift; sourceTree = "<group>"; };
		F072C5882C4611560069045A /* ForwardViewController.xib */ = {isa = PBXFileReference; lastKnownFileType = file.xib; path = ForwardViewController.xib; sourceTree = "<group>"; };
		F072C58B2C4614010069045A /* ForwardModel.swift */ = {isa = PBXFileReference; lastKnownFileType = sourcecode.swift; path = ForwardModel.swift; sourceTree = "<group>"; };
		F072C58D2C4629470069045A /* ForwardViewModel.swift */ = {isa = PBXFileReference; lastKnownFileType = sourcecode.swift; path = ForwardViewModel.swift; sourceTree = "<group>"; };
		F07CBE5B2C369D6700A2DD8B /* ChatRoomModel.swift */ = {isa = PBXFileReference; fileEncoding = 4; lastKnownFileType = sourcecode.swift; path = ChatRoomModel.swift; sourceTree = "<group>"; };
		F07CBE5D2C369D6700A2DD8B /* ChatRoomViewController.swift */ = {isa = PBXFileReference; fileEncoding = 4; lastKnownFileType = sourcecode.swift; path = ChatRoomViewController.swift; sourceTree = "<group>"; };
		F07CBE5E2C369D6700A2DD8B /* ChatRoomViewController.xib */ = {isa = PBXFileReference; fileEncoding = 4; lastKnownFileType = file.xib; path = ChatRoomViewController.xib; sourceTree = "<group>"; };
		F07CBE602C369D6700A2DD8B /* ChatRoomViewModel.swift */ = {isa = PBXFileReference; fileEncoding = 4; lastKnownFileType = sourcecode.swift; path = ChatRoomViewModel.swift; sourceTree = "<group>"; };
		F07CBE622C369D6700A2DD8B /* ReceiveImageTableViewCell.swift */ = {isa = PBXFileReference; fileEncoding = 4; lastKnownFileType = sourcecode.swift; path = ReceiveImageTableViewCell.swift; sourceTree = "<group>"; };
		F07CBE632C369D6700A2DD8B /* ReceiveImageTableViewCell.xib */ = {isa = PBXFileReference; fileEncoding = 4; lastKnownFileType = file.xib; path = ReceiveImageTableViewCell.xib; sourceTree = "<group>"; };
		F07CBE642C369D6700A2DD8B /* ReceiveMessageTableViewCell.swift */ = {isa = PBXFileReference; fileEncoding = 4; lastKnownFileType = sourcecode.swift; path = ReceiveMessageTableViewCell.swift; sourceTree = "<group>"; };
		F07CBE652C369D6700A2DD8B /* ReceiveMessageTableViewCell.xib */ = {isa = PBXFileReference; fileEncoding = 4; lastKnownFileType = file.xib; path = ReceiveMessageTableViewCell.xib; sourceTree = "<group>"; };
		F07CBE662C369D6700A2DD8B /* SendImgeTableViewCell.swift */ = {isa = PBXFileReference; fileEncoding = 4; lastKnownFileType = sourcecode.swift; path = SendImgeTableViewCell.swift; sourceTree = "<group>"; };
		F07CBE672C369D6700A2DD8B /* SendImgeTableViewCell.xib */ = {isa = PBXFileReference; fileEncoding = 4; lastKnownFileType = file.xib; path = SendImgeTableViewCell.xib; sourceTree = "<group>"; };
		F07CBE682C369D6700A2DD8B /* SendMessageTableViewCell.swift */ = {isa = PBXFileReference; fileEncoding = 4; lastKnownFileType = sourcecode.swift; path = SendMessageTableViewCell.swift; sourceTree = "<group>"; };
		F07CBE692C369D6700A2DD8B /* SendMessageTableViewCell.xib */ = {isa = PBXFileReference; fileEncoding = 4; lastKnownFileType = file.xib; path = SendMessageTableViewCell.xib; sourceTree = "<group>"; };
		F07CBE6C2C369D6700A2DD8B /* HomeModel.swift */ = {isa = PBXFileReference; fileEncoding = 4; lastKnownFileType = sourcecode.swift; path = HomeModel.swift; sourceTree = "<group>"; };
		F07CBE6E2C369D6700A2DD8B /* HomeViewController.swift */ = {isa = PBXFileReference; fileEncoding = 4; lastKnownFileType = sourcecode.swift; path = HomeViewController.swift; sourceTree = "<group>"; };
		F07CBE702C369D6700A2DD8B /* HomeViewModel.swift */ = {isa = PBXFileReference; fileEncoding = 4; lastKnownFileType = sourcecode.swift; path = HomeViewModel.swift; sourceTree = "<group>"; };
		F07CBE722C369D6700A2DD8B /* UserTableViewCell.swift */ = {isa = PBXFileReference; fileEncoding = 4; lastKnownFileType = sourcecode.swift; path = UserTableViewCell.swift; sourceTree = "<group>"; };
		F07CBE732C369D6700A2DD8B /* UserTableViewCell.xib */ = {isa = PBXFileReference; fileEncoding = 4; lastKnownFileType = file.xib; path = UserTableViewCell.xib; sourceTree = "<group>"; };
		F07CBE872C369D8100A2DD8B /* BaseViewController.swift */ = {isa = PBXFileReference; fileEncoding = 4; lastKnownFileType = sourcecode.swift; path = BaseViewController.swift; sourceTree = "<group>"; };
		F07CBE882C369D8100A2DD8B /* BaseViewModel.swift */ = {isa = PBXFileReference; fileEncoding = 4; lastKnownFileType = sourcecode.swift; path = BaseViewModel.swift; sourceTree = "<group>"; };
		F07CBE8A2C369D8100A2DD8B /* ChatManager.swift */ = {isa = PBXFileReference; fileEncoding = 4; lastKnownFileType = sourcecode.swift; path = ChatManager.swift; sourceTree = "<group>"; };
		F07CBE8C2C369D8100A2DD8B /* StringCosntants.swift */ = {isa = PBXFileReference; fileEncoding = 4; lastKnownFileType = sourcecode.swift; path = StringCosntants.swift; sourceTree = "<group>"; };
		F07CBE942C369DC500A2DD8B /* Main.storyboard */ = {isa = PBXFileReference; fileEncoding = 4; lastKnownFileType = file.storyboard; path = Main.storyboard; sourceTree = "<group>"; };
		F07CBE9E2C36E49700A2DD8B /* UserInfoManager.swift */ = {isa = PBXFileReference; lastKnownFileType = sourcecode.swift; path = UserInfoManager.swift; sourceTree = "<group>"; };
		F07CBEA02C36EB5300A2DD8B /* Domain.framework */ = {isa = PBXFileReference; explicitFileType = wrapper.framework; path = Domain.framework; sourceTree = BUILT_PRODUCTS_DIR; };
		F07CBEA32C36EBC000A2DD8B /* CommonExtension.framework */ = {isa = PBXFileReference; explicitFileType = wrapper.framework; path = CommonExtension.framework; sourceTree = BUILT_PRODUCTS_DIR; };
		F07CBEA62C36EBCD00A2DD8B /* CommonUI.framework */ = {isa = PBXFileReference; explicitFileType = wrapper.framework; path = CommonUI.framework; sourceTree = BUILT_PRODUCTS_DIR; };
		F07CBEAB2C37274300A2DD8B /* ProfileImageView.swift */ = {isa = PBXFileReference; lastKnownFileType = sourcecode.swift; path = ProfileImageView.swift; sourceTree = "<group>"; };
		F07CBEB42C379B8B00A2DD8B /* MyCommunityChat-iOS.entitlements */ = {isa = PBXFileReference; lastKnownFileType = text.plist.entitlements; path = "MyCommunityChat-iOS.entitlements"; sourceTree = "<group>"; };
		F07CBECB2C379DA100A2DD8B /* Info.plist */ = {isa = PBXFileReference; lastKnownFileType = text.plist.xml; path = Info.plist; sourceTree = "<group>"; };
		F07CBED42C379E7500A2DD8B /* OneSignalFramework.xcframework */ = {isa = PBXFileReference; expectedSignature = "AppleDeveloperProgram:J3J28YJX9L:OneSignal, Inc."; lastKnownFileType = wrapper.xcframework; name = OneSignalFramework.xcframework; path = Pods/OneSignal/iOS_SDK/OneSignalSDK/OneSignal_XCFramework/OneSignalFramework.xcframework; sourceTree = "<group>"; };
		F07CBED72C37A92E00A2DD8B /* GoogleService-Info.plist */ = {isa = PBXFileReference; fileEncoding = 4; lastKnownFileType = text.plist.xml; path = "GoogleService-Info.plist"; sourceTree = "<group>"; };
		F086AA1E2C40C3C100442AF4 /* DataBaseManager.swift */ = {isa = PBXFileReference; lastKnownFileType = sourcecode.swift; path = DataBaseManager.swift; sourceTree = "<group>"; };
		F086AA212C40C43E00442AF4 /* NotiDbObject.swift */ = {isa = PBXFileReference; lastKnownFileType = sourcecode.swift; path = NotiDbObject.swift; sourceTree = "<group>"; };
		F086AA232C40C45200442AF4 /* NotiDBRealmObject.swift */ = {isa = PBXFileReference; lastKnownFileType = sourcecode.swift; path = NotiDBRealmObject.swift; sourceTree = "<group>"; };
		F0888FE22C51FF2800DD28F0 /* ImageLayoutViewController.swift */ = {isa = PBXFileReference; lastKnownFileType = sourcecode.swift; path = ImageLayoutViewController.swift; sourceTree = "<group>"; };
		F0888FE32C51FF2800DD28F0 /* ImageLayoutViewController.xib */ = {isa = PBXFileReference; lastKnownFileType = file.xib; path = ImageLayoutViewController.xib; sourceTree = "<group>"; };
		F0888FE62C51FF3B00DD28F0 /* ImageLayoutTableViewCell.swift */ = {isa = PBXFileReference; lastKnownFileType = sourcecode.swift; path = ImageLayoutTableViewCell.swift; sourceTree = "<group>"; };
		F0888FE72C51FF3B00DD28F0 /* ImageLayoutTableViewCell.xib */ = {isa = PBXFileReference; lastKnownFileType = file.xib; path = ImageLayoutTableViewCell.xib; sourceTree = "<group>"; };
		F0888FEE2C52051200DD28F0 /* ImageLayoutTableViewCell + CollectionView.swift */ = {isa = PBXFileReference; lastKnownFileType = sourcecode.swift; path = "ImageLayoutTableViewCell + CollectionView.swift"; sourceTree = "<group>"; };
		F0888FF42C53514400DD28F0 /* ImageLayoutCollectionViewCell.swift */ = {isa = PBXFileReference; lastKnownFileType = sourcecode.swift; path = ImageLayoutCollectionViewCell.swift; sourceTree = "<group>"; };
		F0888FFC2C538D7D00DD28F0 /* ImageStackLayoutTableViewCell.swift */ = {isa = PBXFileReference; lastKnownFileType = sourcecode.swift; path = ImageStackLayoutTableViewCell.swift; sourceTree = "<group>"; };
		F0888FFD2C538D7D00DD28F0 /* ImageStackLayoutTableViewCell.xib */ = {isa = PBXFileReference; lastKnownFileType = file.xib; path = ImageStackLayoutTableViewCell.xib; sourceTree = "<group>"; };
		F0FCC9FF2C3FCE7A002BC1B0 /* BaseView.swift */ = {isa = PBXFileReference; lastKnownFileType = sourcecode.swift; path = BaseView.swift; sourceTree = "<group>"; };
		F0FCCA012C3FCE90002BC1B0 /* MorePopupView.swift */ = {isa = PBXFileReference; lastKnownFileType = sourcecode.swift; path = MorePopupView.swift; sourceTree = "<group>"; };
		F0FCCA032C3FCE9F002BC1B0 /* MorePopupView.xib */ = {isa = PBXFileReference; lastKnownFileType = file.xib; path = MorePopupView.xib; sourceTree = "<group>"; };
		F0FCCA052C3FD3BC002BC1B0 /* MorePopupTableViewCell.swift */ = {isa = PBXFileReference; lastKnownFileType = sourcecode.swift; path = MorePopupTableViewCell.swift; sourceTree = "<group>"; };
		F0FCCA062C3FD3BC002BC1B0 /* MorePopupTableViewCell.xib */ = {isa = PBXFileReference; lastKnownFileType = file.xib; path = MorePopupTableViewCell.xib; sourceTree = "<group>"; };
		F0FCCA092C402274002BC1B0 /* StickerCollectionViewCell.swift */ = {isa = PBXFileReference; lastKnownFileType = sourcecode.swift; path = StickerCollectionViewCell.swift; sourceTree = "<group>"; };
		F0FCCA0A2C402274002BC1B0 /* StickerCollectionViewCell.xib */ = {isa = PBXFileReference; lastKnownFileType = file.xib; path = StickerCollectionViewCell.xib; sourceTree = "<group>"; };
		F5CEC5611CDF72A497CF6402 /* Pods-MyCommunityChat-iOSTests.release.xcconfig */ = {isa = PBXFileReference; includeInIndex = 1; lastKnownFileType = text.xcconfig; name = "Pods-MyCommunityChat-iOSTests.release.xcconfig"; path = "Target Support Files/Pods-MyCommunityChat-iOSTests/Pods-MyCommunityChat-iOSTests.release.xcconfig"; sourceTree = "<group>"; };
/* End PBXFileReference section */

/* Begin PBXFrameworksBuildPhase section */
		78671E962C33DEB7006E7DD6 /* Frameworks */ = {
			isa = PBXFrameworksBuildPhase;
			buildActionMask = 2147483647;
			files = (
				F0F9D55A2C37F6A80061382F /* Domain.framework in Frameworks */,
				F0F9D55C2C37F6CD0061382F /* CommonUI.framework in Frameworks */,
				F0F9D5572C37F67C0061382F /* Auth.framework in Frameworks */,
				F0F9D55E2C37F6D10061382F /* CommonExtension.framework in Frameworks */,
				B571B169F2121B7FCEE7080B /* Pods_MyCommunityChat_iOS.framework in Frameworks */,
			);
			runOnlyForDeploymentPostprocessing = 0;
		};
		78671EAC2C33DEB8006E7DD6 /* Frameworks */ = {
			isa = PBXFrameworksBuildPhase;
			buildActionMask = 2147483647;
			files = (
				81E8055BB82443DB50160639 /* Pods_MyCommunityChat_iOSTests.framework in Frameworks */,
			);
			runOnlyForDeploymentPostprocessing = 0;
		};
		78671EB62C33DEB8006E7DD6 /* Frameworks */ = {
			isa = PBXFrameworksBuildPhase;
			buildActionMask = 2147483647;
			files = (
				A8ED4B085B1121C71C39C6C2 /* Pods_MyCommunityChat_iOSUITests.framework in Frameworks */,
			);
			runOnlyForDeploymentPostprocessing = 0;
		};
		F05107C62C4104CD003A7823 /* Frameworks */ = {
			isa = PBXFrameworksBuildPhase;
			buildActionMask = 2147483647;
			files = (
				B6937959EE40A81E16B8A288 /* Pods_OneSignalNotificationServiceExtension.framework in Frameworks */,
			);
			runOnlyForDeploymentPostprocessing = 0;
		};
/* End PBXFrameworksBuildPhase section */

/* Begin PBXGroup section */
		78671E902C33DEB7006E7DD6 = {
			isa = PBXGroup;
			children = (
				78671E9B2C33DEB7006E7DD6 /* MyCommunityChat-iOS */,
				78671EB22C33DEB8006E7DD6 /* MyCommunityChat-iOSTests */,
				78671EBC2C33DEB8006E7DD6 /* MyCommunityChat-iOSUITests */,
				F07CBEC82C379DA100A2DD8B /* OneSignalNotificationServiceExtension */,
				F05107CA2C4104CD003A7823 /* OneSignalNotificationServiceExtension */,
				78671E9A2C33DEB7006E7DD6 /* Products */,
				DCBE0143DFEFA13BE18E1A17 /* Pods */,
				AE7770F680BF3DED8EF459ED /* Frameworks */,
			);
			sourceTree = "<group>";
		};
		78671E9A2C33DEB7006E7DD6 /* Products */ = {
			isa = PBXGroup;
			children = (
				78671E992C33DEB7006E7DD6 /* MyCommunityChat-iOS.app */,
				78671EAF2C33DEB8006E7DD6 /* MyCommunityChat-iOSTests.xctest */,
				78671EB92C33DEB8006E7DD6 /* MyCommunityChat-iOSUITests.xctest */,
				F05107C92C4104CD003A7823 /* OneSignalNotificationServiceExtension.appex */,
			);
			name = Products;
			sourceTree = "<group>";
		};
		78671E9B2C33DEB7006E7DD6 /* MyCommunityChat-iOS */ = {
			isa = PBXGroup;
			children = (
				F07CBEB42C379B8B00A2DD8B /* MyCommunityChat-iOS.entitlements */,
				F086AA202C40C42A00442AF4 /* Objects */,
				F07CBE892C369D8100A2DD8B /* Base */,
				F07CBE8D2C369D8100A2DD8B /* Constants */,
				F07CBE8B2C369D8100A2DD8B /* Managers */,
				78671FEB2C33F7D3006E7DD6 /* AppConfig */,
				78671FEA2C33F71A006E7DD6 /* PrensentaionLayer */,
				78671FE82C33F6EB006E7DD6 /* AppDelegate */,
				78671FE92C33F6FA006E7DD6 /* Storyboards */,
				78671FED2C33F86C006E7DD6 /* Resources */,
			);
			path = "MyCommunityChat-iOS";
			sourceTree = "<group>";
		};
		78671EB22C33DEB8006E7DD6 /* MyCommunityChat-iOSTests */ = {
			isa = PBXGroup;
			children = (
				78671EB32C33DEB8006E7DD6 /* MyCommunityChat_iOSTests.swift */,
			);
			path = "MyCommunityChat-iOSTests";
			sourceTree = "<group>";
		};
		78671EBC2C33DEB8006E7DD6 /* MyCommunityChat-iOSUITests */ = {
			isa = PBXGroup;
			children = (
				78671EBD2C33DEB8006E7DD6 /* MyCommunityChat_iOSUITests.swift */,
				78671EBF2C33DEB8006E7DD6 /* MyCommunityChat_iOSUITestsLaunchTests.swift */,
			);
			path = "MyCommunityChat-iOSUITests";
			sourceTree = "<group>";
		};
		78671FE82C33F6EB006E7DD6 /* AppDelegate */ = {
			isa = PBXGroup;
			children = (
				78671E9C2C33DEB7006E7DD6 /* AppDelegate.swift */,
				78671E9E2C33DEB7006E7DD6 /* SceneDelegate.swift */,
			);
			path = AppDelegate;
			sourceTree = "<group>";
		};
		78671FE92C33F6FA006E7DD6 /* Storyboards */ = {
			isa = PBXGroup;
			children = (
				F07CBE942C369DC500A2DD8B /* Main.storyboard */,
				78671FF42C33FDD8006E7DD6 /* LaunchScreen.storyboard */,
			);
			path = Storyboards;
			sourceTree = "<group>";
		};
		78671FEA2C33F71A006E7DD6 /* PrensentaionLayer */ = {
			isa = PBXGroup;
			children = (
				F0888FE12C51FF1500DD28F0 /* TestImplement */,
				F07CBE6B2C369D6700A2DD8B /* ChatRoom */,
				F07CBE752C369D6700A2DD8B /* Home */,
				78BB8A222C34760900F3BA57 /* Splash */,
			);
			path = PrensentaionLayer;
			sourceTree = "<group>";
		};
		78671FEB2C33F7D3006E7DD6 /* AppConfig */ = {
			isa = PBXGroup;
			children = (
				F07CBED72C37A92E00A2DD8B /* GoogleService-Info.plist */,
				78671EAA2C33DEB8006E7DD6 /* Info.plist */,
			);
			path = AppConfig;
			sourceTree = "<group>";
		};
		78671FED2C33F86C006E7DD6 /* Resources */ = {
			isa = PBXGroup;
			children = (
				78BB8A272C3476B000F3BA57 /* Animation */,
				78671FFD2C345F1A006E7DD6 /* Fonts */,
				78671EA52C33DEB8006E7DD6 /* Assets.xcassets */,
				78671FFB2C345D92006E7DD6 /* Colors.xcassets */,
			);
			path = Resources;
			sourceTree = "<group>";
		};
		78671FFD2C345F1A006E7DD6 /* Fonts */ = {
			isa = PBXGroup;
			children = (
				786720052C345F2B006E7DD6 /* RobotoSlab-Black.ttf */,
				786720022C345F2B006E7DD6 /* RobotoSlab-Bold.ttf */,
				786720012C345F2B006E7DD6 /* RobotoSlab-ExtraBold.ttf */,
				78671FFF2C345F2B006E7DD6 /* RobotoSlab-ExtraLight.ttf */,
				786720042C345F2B006E7DD6 /* RobotoSlab-Light.ttf */,
				786720062C345F2B006E7DD6 /* RobotoSlab-Medium.ttf */,
				786720032C345F2B006E7DD6 /* RobotoSlab-Regular.ttf */,
				78671FFE2C345F2B006E7DD6 /* RobotoSlab-SemiBold.ttf */,
				786720002C345F2B006E7DD6 /* RobotoSlab-Thin.ttf */,
			);
			path = Fonts;
			sourceTree = "<group>";
		};
		78BB8A222C34760900F3BA57 /* Splash */ = {
			isa = PBXGroup;
			children = (
				78BB8A232C34762200F3BA57 /* SplashController.swift */,
				78BB8A242C34762200F3BA57 /* SplashController.xib */,
			);
			path = Splash;
			sourceTree = "<group>";
		};
		78BB8A272C3476B000F3BA57 /* Animation */ = {
			isa = PBXGroup;
			children = (
				78BB8A282C3476BF00F3BA57 /* Animation.json */,
			);
			path = Animation;
			sourceTree = "<group>";
		};
		78F785A72C495F5800ABCEB9 /* ChatRoom */ = {
			isa = PBXGroup;
			children = (
				F07CBE5D2C369D6700A2DD8B /* ChatRoomViewController.swift */,
				F07CBE5E2C369D6700A2DD8B /* ChatRoomViewController.xib */,
				78F785AB2C495FE100ABCEB9 /* ChatRoomViewController+TableView.swift */,
				78F785AD2C4972B300ABCEB9 /* ChatRoomViewController+CollectionView.swift */,
			);
			path = ChatRoom;
			sourceTree = "<group>";
		};
		78F785A82C495F7100ABCEB9 /* Forward */ = {
			isa = PBXGroup;
			children = (
				F072C5872C4611560069045A /* ForwardViewController.swift */,
				F072C5882C4611560069045A /* ForwardViewController.xib */,
			);
			path = Forward;
			sourceTree = "<group>";
		};
		78F785A92C495F8200ABCEB9 /* DateTimePicker */ = {
			isa = PBXGroup;
			children = (
				F06C3D122C404F50004F5379 /* DateTimePickerViewController.swift */,
				F06C3D132C404F50004F5379 /* DateTimePickerViewController.xib */,
			);
			path = DateTimePicker;
			sourceTree = "<group>";
		};
		78F785AA2C495FC000ABCEB9 /* Reaction */ = {
			isa = PBXGroup;
			children = (
				78AC9E892C3FB917001A7B4C /* ReactionPopupController.swift */,
			);
			path = Reaction;
			sourceTree = "<group>";
		};
		AE7770F680BF3DED8EF459ED /* Frameworks */ = {
			isa = PBXGroup;
			children = (
				F07CBED42C379E7500A2DD8B /* OneSignalFramework.xcframework */,
				F07CBEA62C36EBCD00A2DD8B /* CommonUI.framework */,
				F07CBEA32C36EBC000A2DD8B /* CommonExtension.framework */,
				F07CBEA02C36EB5300A2DD8B /* Domain.framework */,
				78671F422C33E94F006E7DD6 /* Auth.framework */,
				78671F432C33E94F006E7DD6 /* Data.framework */,
				AE5A0EE4C66FD212F9B9EDA6 /* Pods_MyCommunityChat_iOS.framework */,
				B6057D1E2203D8783C2A4528 /* Pods_MyCommunityChat_iOSTests.framework */,
				663FE77F4D97B28E5205CBF1 /* Pods_MyCommunityChat_iOSUITests.framework */,
				EDE112819BFE0B5693AF9E60 /* Pods_OneSignalNotificationServiceExtension.framework */,
			);
			name = Frameworks;
			sourceTree = "<group>";
		};
		DCBE0143DFEFA13BE18E1A17 /* Pods */ = {
			isa = PBXGroup;
			children = (
				5713A2433D32BAA98B5AB4EB /* Pods-MyCommunityChat-iOS.debug.xcconfig */,
				999216BD89321ADCAC3DDB45 /* Pods-MyCommunityChat-iOS.release.xcconfig */,
				50B39DB6E89EB582DFA60FC9 /* Pods-MyCommunityChat-iOSTests.debug.xcconfig */,
				F5CEC5611CDF72A497CF6402 /* Pods-MyCommunityChat-iOSTests.release.xcconfig */,
				487F0ACE53C385CF723C9745 /* Pods-MyCommunityChat-iOSUITests.debug.xcconfig */,
				565E49CCF3606F9BA374ECD8 /* Pods-MyCommunityChat-iOSUITests.release.xcconfig */,
				024848DAAB223B76D1958E15 /* Pods-OneSignalNotificationServiceExtension.debug.xcconfig */,
				4268578DE28D57B67DF45F00 /* Pods-OneSignalNotificationServiceExtension.release.xcconfig */,
			);
			path = Pods;
			sourceTree = "<group>";
		};
		F05107CA2C4104CD003A7823 /* OneSignalNotificationServiceExtension */ = {
			isa = PBXGroup;
			children = (
				F05107CB2C4104CD003A7823 /* NotificationService.swift */,
				F05107CD2C4104CD003A7823 /* Info.plist */,
			);
			path = OneSignalNotificationServiceExtension;
			sourceTree = "<group>";
		};
		F07CBE5C2C369D6700A2DD8B /* Models */ = {
			isa = PBXGroup;
			children = (
				F07CBE5B2C369D6700A2DD8B /* ChatRoomModel.swift */,
				F072C58B2C4614010069045A /* ForwardModel.swift */,
			);
			path = Models;
			sourceTree = "<group>";
		};
		F07CBE5F2C369D6700A2DD8B /* ViewControllers */ = {
			isa = PBXGroup;
			children = (
				78F785AA2C495FC000ABCEB9 /* Reaction */,
				78F785A72C495F5800ABCEB9 /* ChatRoom */,
				78F785A92C495F8200ABCEB9 /* DateTimePicker */,
				78F785A82C495F7100ABCEB9 /* Forward */,
			);
			path = ViewControllers;
			sourceTree = "<group>";
		};
		F07CBE612C369D6700A2DD8B /* ViewModels */ = {
			isa = PBXGroup;
			children = (
				F07CBE602C369D6700A2DD8B /* ChatRoomViewModel.swift */,
				F072C58D2C4629470069045A /* ForwardViewModel.swift */,
			);
			path = ViewModels;
			sourceTree = "<group>";
		};
		F07CBE6A2C369D6700A2DD8B /* Views */ = {
			isa = PBXGroup;
			children = (
				F07CBE622C369D6700A2DD8B /* ReceiveImageTableViewCell.swift */,
				F07CBE632C369D6700A2DD8B /* ReceiveImageTableViewCell.xib */,
				F07CBE642C369D6700A2DD8B /* ReceiveMessageTableViewCell.swift */,
				F07CBE652C369D6700A2DD8B /* ReceiveMessageTableViewCell.xib */,
				F07CBE662C369D6700A2DD8B /* SendImgeTableViewCell.swift */,
				F07CBE672C369D6700A2DD8B /* SendImgeTableViewCell.xib */,
				F07CBE682C369D6700A2DD8B /* SendMessageTableViewCell.swift */,
				F07CBE692C369D6700A2DD8B /* SendMessageTableViewCell.xib */,
				78AC9E872C3FB8EF001A7B4C /* ReactionCell.swift */,
				F0FCCA012C3FCE90002BC1B0 /* MorePopupView.swift */,
				F0FCCA032C3FCE9F002BC1B0 /* MorePopupView.xib */,
				F0FCCA052C3FD3BC002BC1B0 /* MorePopupTableViewCell.swift */,
				F0FCCA062C3FD3BC002BC1B0 /* MorePopupTableViewCell.xib */,
				F0FCCA092C402274002BC1B0 /* StickerCollectionViewCell.swift */,
				F0FCCA0A2C402274002BC1B0 /* StickerCollectionViewCell.xib */,
				F072C5832C4610A80069045A /* ForwardTableViewCell.swift */,
				F072C5842C4610A80069045A /* ForwardTableViewCell.xib */,
				F01926A42C466D3400F71D98 /* MessageSettingTableViewCell.swift */,
				F01926A52C466D3400F71D98 /* MessageSettingTableViewCell.xib */,
			);
			path = Views;
			sourceTree = "<group>";
		};
		F07CBE6B2C369D6700A2DD8B /* ChatRoom */ = {
			isa = PBXGroup;
			children = (
				F07CBE5C2C369D6700A2DD8B /* Models */,
				F07CBE5F2C369D6700A2DD8B /* ViewControllers */,
				F07CBE612C369D6700A2DD8B /* ViewModels */,
				F07CBE6A2C369D6700A2DD8B /* Views */,
			);
			path = ChatRoom;
			sourceTree = "<group>";
		};
		F07CBE6D2C369D6700A2DD8B /* Models */ = {
			isa = PBXGroup;
			children = (
				F07CBE6C2C369D6700A2DD8B /* HomeModel.swift */,
			);
			path = Models;
			sourceTree = "<group>";
		};
		F07CBE6F2C369D6700A2DD8B /* ViewControllers */ = {
			isa = PBXGroup;
			children = (
				F07CBE6E2C369D6700A2DD8B /* HomeViewController.swift */,
			);
			path = ViewControllers;
			sourceTree = "<group>";
		};
		F07CBE712C369D6700A2DD8B /* ViewModels */ = {
			isa = PBXGroup;
			children = (
				F07CBE702C369D6700A2DD8B /* HomeViewModel.swift */,
			);
			path = ViewModels;
			sourceTree = "<group>";
		};
		F07CBE742C369D6700A2DD8B /* Views */ = {
			isa = PBXGroup;
			children = (
				F07CBE722C369D6700A2DD8B /* UserTableViewCell.swift */,
				F07CBE732C369D6700A2DD8B /* UserTableViewCell.xib */,
				F07CBEAB2C37274300A2DD8B /* ProfileImageView.swift */,
			);
			path = Views;
			sourceTree = "<group>";
		};
		F07CBE752C369D6700A2DD8B /* Home */ = {
			isa = PBXGroup;
			children = (
				F07CBE6D2C369D6700A2DD8B /* Models */,
				F07CBE6F2C369D6700A2DD8B /* ViewControllers */,
				F07CBE712C369D6700A2DD8B /* ViewModels */,
				F07CBE742C369D6700A2DD8B /* Views */,
			);
			path = Home;
			sourceTree = "<group>";
		};
		F07CBE892C369D8100A2DD8B /* Base */ = {
			isa = PBXGroup;
			children = (
				F07CBE872C369D8100A2DD8B /* BaseViewController.swift */,
				F07CBE882C369D8100A2DD8B /* BaseViewModel.swift */,
				F0FCC9FF2C3FCE7A002BC1B0 /* BaseView.swift */,
			);
			path = Base;
			sourceTree = "<group>";
		};
		F07CBE8B2C369D8100A2DD8B /* Managers */ = {
			isa = PBXGroup;
			children = (
				F07CBE8A2C369D8100A2DD8B /* ChatManager.swift */,
				F07CBE9E2C36E49700A2DD8B /* UserInfoManager.swift */,
				F086AA1E2C40C3C100442AF4 /* DataBaseManager.swift */,
			);
			path = Managers;
			sourceTree = "<group>";
		};
		F07CBE8D2C369D8100A2DD8B /* Constants */ = {
			isa = PBXGroup;
			children = (
				F07CBE8C2C369D8100A2DD8B /* StringCosntants.swift */,
			);
			path = Constants;
			sourceTree = "<group>";
		};
		F07CBEC82C379DA100A2DD8B /* OneSignalNotificationServiceExtension */ = {
			isa = PBXGroup;
			children = (
				F05107D42C410508003A7823 /* OneSignalNotificationServiceExtension.entitlements */,
				F07CBECB2C379DA100A2DD8B /* Info.plist */,
			);
			path = OneSignalNotificationServiceExtension;
			sourceTree = "<group>";
		};
		F086AA202C40C42A00442AF4 /* Objects */ = {
			isa = PBXGroup;
			children = (
				F086AA212C40C43E00442AF4 /* NotiDbObject.swift */,
				F086AA232C40C45200442AF4 /* NotiDBRealmObject.swift */,
			);
			path = Objects;
			sourceTree = "<group>";
		};
		F0888FE12C51FF1500DD28F0 /* TestImplement */ = {
			isa = PBXGroup;
			children = (
				F0888FE22C51FF2800DD28F0 /* ImageLayoutViewController.swift */,
				F0888FE32C51FF2800DD28F0 /* ImageLayoutViewController.xib */,
				F0888FEE2C52051200DD28F0 /* ImageLayoutTableViewCell + CollectionView.swift */,
				F0888FFC2C538D7D00DD28F0 /* ImageStackLayoutTableViewCell.swift */,
				F0888FFD2C538D7D00DD28F0 /* ImageStackLayoutTableViewCell.xib */,
				F0888FE62C51FF3B00DD28F0 /* ImageLayoutTableViewCell.swift */,
				F0888FE72C51FF3B00DD28F0 /* ImageLayoutTableViewCell.xib */,
				F0888FF42C53514400DD28F0 /* ImageLayoutCollectionViewCell.swift */,
			);
			path = TestImplement;
			sourceTree = "<group>";
		};
/* End PBXGroup section */

/* Begin PBXNativeTarget section */
		78671E982C33DEB7006E7DD6 /* MyCommunityChat-iOS */ = {
			isa = PBXNativeTarget;
			buildConfigurationList = 78671EC32C33DEB8006E7DD6 /* Build configuration list for PBXNativeTarget "MyCommunityChat-iOS" */;
			buildPhases = (
				2A7495550F0B31D7AD538C4B /* [CP] Check Pods Manifest.lock */,
				78671E952C33DEB7006E7DD6 /* Sources */,
				78671E962C33DEB7006E7DD6 /* Frameworks */,
				78671E972C33DEB7006E7DD6 /* Resources */,
				F0F9D5592C37F67C0061382F /* Embed Frameworks */,
				F05B2A042C3D2B630037B3C3 /* Embed Foundation Extensions */,
				6EDC91A1B308B0507AF0B165 /* [CP] Embed Pods Frameworks */,
			);
			buildRules = (
			);
			dependencies = (
				F05107CF2C4104CD003A7823 /* PBXTargetDependency */,
			);
			name = "MyCommunityChat-iOS";
			productName = "MyCommunityChat-iOS";
			productReference = 78671E992C33DEB7006E7DD6 /* MyCommunityChat-iOS.app */;
			productType = "com.apple.product-type.application";
		};
		78671EAE2C33DEB8006E7DD6 /* MyCommunityChat-iOSTests */ = {
			isa = PBXNativeTarget;
			buildConfigurationList = 78671EC62C33DEB8006E7DD6 /* Build configuration list for PBXNativeTarget "MyCommunityChat-iOSTests" */;
			buildPhases = (
				B4A6BCF54BDF3D02F5AD23D2 /* [CP] Check Pods Manifest.lock */,
				78671EAB2C33DEB8006E7DD6 /* Sources */,
				78671EAC2C33DEB8006E7DD6 /* Frameworks */,
				78671EAD2C33DEB8006E7DD6 /* Resources */,
			);
			buildRules = (
			);
			dependencies = (
				78671EB12C33DEB8006E7DD6 /* PBXTargetDependency */,
			);
			name = "MyCommunityChat-iOSTests";
			productName = "MyCommunityChat-iOSTests";
			productReference = 78671EAF2C33DEB8006E7DD6 /* MyCommunityChat-iOSTests.xctest */;
			productType = "com.apple.product-type.bundle.unit-test";
		};
		78671EB82C33DEB8006E7DD6 /* MyCommunityChat-iOSUITests */ = {
			isa = PBXNativeTarget;
			buildConfigurationList = 78671EC92C33DEB8006E7DD6 /* Build configuration list for PBXNativeTarget "MyCommunityChat-iOSUITests" */;
			buildPhases = (
				29DA039282453075DC63C7B5 /* [CP] Check Pods Manifest.lock */,
				78671EB52C33DEB8006E7DD6 /* Sources */,
				78671EB62C33DEB8006E7DD6 /* Frameworks */,
				78671EB72C33DEB8006E7DD6 /* Resources */,
			);
			buildRules = (
			);
			dependencies = (
				78671EBB2C33DEB8006E7DD6 /* PBXTargetDependency */,
			);
			name = "MyCommunityChat-iOSUITests";
			productName = "MyCommunityChat-iOSUITests";
			productReference = 78671EB92C33DEB8006E7DD6 /* MyCommunityChat-iOSUITests.xctest */;
			productType = "com.apple.product-type.bundle.ui-testing";
		};
		F05107C82C4104CD003A7823 /* OneSignalNotificationServiceExtension */ = {
			isa = PBXNativeTarget;
			buildConfigurationList = F05107D12C4104CD003A7823 /* Build configuration list for PBXNativeTarget "OneSignalNotificationServiceExtension" */;
			buildPhases = (
				E0F6AF13D217D987041949BC /* [CP] Check Pods Manifest.lock */,
				F05107C52C4104CD003A7823 /* Sources */,
				F05107C62C4104CD003A7823 /* Frameworks */,
				F05107C72C4104CD003A7823 /* Resources */,
			);
			buildRules = (
			);
			dependencies = (
			);
			name = OneSignalNotificationServiceExtension;
			productName = OneSignalNotificationServiceExtension;
			productReference = F05107C92C4104CD003A7823 /* OneSignalNotificationServiceExtension.appex */;
			productType = "com.apple.product-type.app-extension";
		};
/* End PBXNativeTarget section */

/* Begin PBXProject section */
		78671E912C33DEB7006E7DD6 /* Project object */ = {
			isa = PBXProject;
			attributes = {
				BuildIndependentTargetsInParallel = 1;
				LastSwiftUpdateCheck = 1540;
				LastUpgradeCheck = 1540;
				TargetAttributes = {
					78671E982C33DEB7006E7DD6 = {
						CreatedOnToolsVersion = 15.4;
					};
					78671EAE2C33DEB8006E7DD6 = {
						CreatedOnToolsVersion = 15.4;
						TestTargetID = 78671E982C33DEB7006E7DD6;
					};
					78671EB82C33DEB8006E7DD6 = {
						CreatedOnToolsVersion = 15.4;
						TestTargetID = 78671E982C33DEB7006E7DD6;
					};
					F05107C82C4104CD003A7823 = {
						CreatedOnToolsVersion = 15.4;
					};
				};
			};
			buildConfigurationList = 78671E942C33DEB7006E7DD6 /* Build configuration list for PBXProject "MyCommunityChat-iOS" */;
			compatibilityVersion = "Xcode 14.0";
			developmentRegion = en;
			hasScannedForEncodings = 0;
			knownRegions = (
				en,
				Base,
			);
			mainGroup = 78671E902C33DEB7006E7DD6;
			productRefGroup = 78671E9A2C33DEB7006E7DD6 /* Products */;
			projectDirPath = "";
			projectRoot = "";
			targets = (
				78671E982C33DEB7006E7DD6 /* MyCommunityChat-iOS */,
				78671EAE2C33DEB8006E7DD6 /* MyCommunityChat-iOSTests */,
				78671EB82C33DEB8006E7DD6 /* MyCommunityChat-iOSUITests */,
				F05107C82C4104CD003A7823 /* OneSignalNotificationServiceExtension */,
			);
		};
/* End PBXProject section */

/* Begin PBXResourcesBuildPhase section */
		78671E972C33DEB7006E7DD6 /* Resources */ = {
			isa = PBXResourcesBuildPhase;
			buildActionMask = 2147483647;
			files = (
				78671FF52C33FDD8006E7DD6 /* LaunchScreen.storyboard in Resources */,
				F07CBE7F2C369D6800A2DD8B /* SendImgeTableViewCell.xib in Resources */,
				F0888FE42C51FF2800DD28F0 /* ImageLayoutViewController.xib in Resources */,
				F01926A62C466D3400F71D98 /* MessageSettingTableViewCell.xib in Resources */,
				F0888FFE2C538D7D00DD28F0 /* ImageStackLayoutTableViewCell.xib in Resources */,
				F07CBED82C37A92E00A2DD8B /* GoogleService-Info.plist in Resources */,
				F07CBE7B2C369D6800A2DD8B /* ReceiveImageTableViewCell.xib in Resources */,
				F06C3D152C404F50004F5379 /* DateTimePickerViewController.xib in Resources */,
				78BB8A292C3476BF00F3BA57 /* Animation.json in Resources */,
				F072C5852C4610A80069045A /* ForwardTableViewCell.xib in Resources */,
				F0FCCA042C3FCE9F002BC1B0 /* MorePopupView.xib in Resources */,
				7867200E2C345F2B006E7DD6 /* RobotoSlab-Black.ttf in Resources */,
				78671FFC2C345D92006E7DD6 /* Colors.xcassets in Resources */,
				7867200F2C345F2B006E7DD6 /* RobotoSlab-Medium.ttf in Resources */,
				786720092C345F2B006E7DD6 /* RobotoSlab-Thin.ttf in Resources */,
				F07CBE7D2C369D6800A2DD8B /* ReceiveMessageTableViewCell.xib in Resources */,
				78671EA62C33DEB8006E7DD6 /* Assets.xcassets in Resources */,
				F07CBE862C369D6800A2DD8B /* UserTableViewCell.xib in Resources */,
				786720082C345F2B006E7DD6 /* RobotoSlab-ExtraLight.ttf in Resources */,
				F07CBE952C369DC500A2DD8B /* Main.storyboard in Resources */,
				7867200D2C345F2B006E7DD6 /* RobotoSlab-Light.ttf in Resources */,
				F0FCCA0B2C402274002BC1B0 /* StickerCollectionViewCell.xib in Resources */,
				F07CBE782C369D6800A2DD8B /* ChatRoomViewController.xib in Resources */,
				F0888FE82C51FF3B00DD28F0 /* ImageLayoutTableViewCell.xib in Resources */,
				7867200B2C345F2B006E7DD6 /* RobotoSlab-Bold.ttf in Resources */,
				F07CBE812C369D6800A2DD8B /* SendMessageTableViewCell.xib in Resources */,
				7867200C2C345F2B006E7DD6 /* RobotoSlab-Regular.ttf in Resources */,
				7867200A2C345F2B006E7DD6 /* RobotoSlab-ExtraBold.ttf in Resources */,
				F0FCCA072C3FD3BC002BC1B0 /* MorePopupTableViewCell.xib in Resources */,
				78BB8A262C34762200F3BA57 /* SplashController.xib in Resources */,
				F072C5892C4611560069045A /* ForwardViewController.xib in Resources */,
				786720072C345F2B006E7DD6 /* RobotoSlab-SemiBold.ttf in Resources */,
			);
			runOnlyForDeploymentPostprocessing = 0;
		};
		78671EAD2C33DEB8006E7DD6 /* Resources */ = {
			isa = PBXResourcesBuildPhase;
			buildActionMask = 2147483647;
			files = (
			);
			runOnlyForDeploymentPostprocessing = 0;
		};
		78671EB72C33DEB8006E7DD6 /* Resources */ = {
			isa = PBXResourcesBuildPhase;
			buildActionMask = 2147483647;
			files = (
			);
			runOnlyForDeploymentPostprocessing = 0;
		};
		F05107C72C4104CD003A7823 /* Resources */ = {
			isa = PBXResourcesBuildPhase;
			buildActionMask = 2147483647;
			files = (
			);
			runOnlyForDeploymentPostprocessing = 0;
		};
/* End PBXResourcesBuildPhase section */

/* Begin PBXShellScriptBuildPhase section */
		29DA039282453075DC63C7B5 /* [CP] Check Pods Manifest.lock */ = {
			isa = PBXShellScriptBuildPhase;
			buildActionMask = 2147483647;
			files = (
			);
			inputFileListPaths = (
			);
			inputPaths = (
				"${PODS_PODFILE_DIR_PATH}/Podfile.lock",
				"${PODS_ROOT}/Manifest.lock",
			);
			name = "[CP] Check Pods Manifest.lock";
			outputFileListPaths = (
			);
			outputPaths = (
				"$(DERIVED_FILE_DIR)/Pods-MyCommunityChat-iOSUITests-checkManifestLockResult.txt",
			);
			runOnlyForDeploymentPostprocessing = 0;
			shellPath = /bin/sh;
			shellScript = "diff \"${PODS_PODFILE_DIR_PATH}/Podfile.lock\" \"${PODS_ROOT}/Manifest.lock\" > /dev/null\nif [ $? != 0 ] ; then\n    # print error to STDERR\n    echo \"error: The sandbox is not in sync with the Podfile.lock. Run 'pod install' or update your CocoaPods installation.\" >&2\n    exit 1\nfi\n# This output is used by Xcode 'outputs' to avoid re-running this script phase.\necho \"SUCCESS\" > \"${SCRIPT_OUTPUT_FILE_0}\"\n";
			showEnvVarsInLog = 0;
		};
		2A7495550F0B31D7AD538C4B /* [CP] Check Pods Manifest.lock */ = {
			isa = PBXShellScriptBuildPhase;
			buildActionMask = 2147483647;
			files = (
			);
			inputFileListPaths = (
			);
			inputPaths = (
				"${PODS_PODFILE_DIR_PATH}/Podfile.lock",
				"${PODS_ROOT}/Manifest.lock",
			);
			name = "[CP] Check Pods Manifest.lock";
			outputFileListPaths = (
			);
			outputPaths = (
				"$(DERIVED_FILE_DIR)/Pods-MyCommunityChat-iOS-checkManifestLockResult.txt",
			);
			runOnlyForDeploymentPostprocessing = 0;
			shellPath = /bin/sh;
			shellScript = "diff \"${PODS_PODFILE_DIR_PATH}/Podfile.lock\" \"${PODS_ROOT}/Manifest.lock\" > /dev/null\nif [ $? != 0 ] ; then\n    # print error to STDERR\n    echo \"error: The sandbox is not in sync with the Podfile.lock. Run 'pod install' or update your CocoaPods installation.\" >&2\n    exit 1\nfi\n# This output is used by Xcode 'outputs' to avoid re-running this script phase.\necho \"SUCCESS\" > \"${SCRIPT_OUTPUT_FILE_0}\"\n";
			showEnvVarsInLog = 0;
		};
		6EDC91A1B308B0507AF0B165 /* [CP] Embed Pods Frameworks */ = {
			isa = PBXShellScriptBuildPhase;
			buildActionMask = 2147483647;
			files = (
			);
			inputFileListPaths = (
				"${PODS_ROOT}/Target Support Files/Pods-MyCommunityChat-iOS/Pods-MyCommunityChat-iOS-frameworks-${CONFIGURATION}-input-files.xcfilelist",
			);
			name = "[CP] Embed Pods Frameworks";
			outputFileListPaths = (
				"${PODS_ROOT}/Target Support Files/Pods-MyCommunityChat-iOS/Pods-MyCommunityChat-iOS-frameworks-${CONFIGURATION}-output-files.xcfilelist",
			);
			runOnlyForDeploymentPostprocessing = 0;
			shellPath = /bin/sh;
			shellScript = "\"${PODS_ROOT}/Target Support Files/Pods-MyCommunityChat-iOS/Pods-MyCommunityChat-iOS-frameworks.sh\"\n";
			showEnvVarsInLog = 0;
		};
		B4A6BCF54BDF3D02F5AD23D2 /* [CP] Check Pods Manifest.lock */ = {
			isa = PBXShellScriptBuildPhase;
			buildActionMask = 2147483647;
			files = (
			);
			inputFileListPaths = (
			);
			inputPaths = (
				"${PODS_PODFILE_DIR_PATH}/Podfile.lock",
				"${PODS_ROOT}/Manifest.lock",
			);
			name = "[CP] Check Pods Manifest.lock";
			outputFileListPaths = (
			);
			outputPaths = (
				"$(DERIVED_FILE_DIR)/Pods-MyCommunityChat-iOSTests-checkManifestLockResult.txt",
			);
			runOnlyForDeploymentPostprocessing = 0;
			shellPath = /bin/sh;
			shellScript = "diff \"${PODS_PODFILE_DIR_PATH}/Podfile.lock\" \"${PODS_ROOT}/Manifest.lock\" > /dev/null\nif [ $? != 0 ] ; then\n    # print error to STDERR\n    echo \"error: The sandbox is not in sync with the Podfile.lock. Run 'pod install' or update your CocoaPods installation.\" >&2\n    exit 1\nfi\n# This output is used by Xcode 'outputs' to avoid re-running this script phase.\necho \"SUCCESS\" > \"${SCRIPT_OUTPUT_FILE_0}\"\n";
			showEnvVarsInLog = 0;
		};
		E0F6AF13D217D987041949BC /* [CP] Check Pods Manifest.lock */ = {
			isa = PBXShellScriptBuildPhase;
			buildActionMask = 2147483647;
			files = (
			);
			inputFileListPaths = (
			);
			inputPaths = (
				"${PODS_PODFILE_DIR_PATH}/Podfile.lock",
				"${PODS_ROOT}/Manifest.lock",
			);
			name = "[CP] Check Pods Manifest.lock";
			outputFileListPaths = (
			);
			outputPaths = (
				"$(DERIVED_FILE_DIR)/Pods-OneSignalNotificationServiceExtension-checkManifestLockResult.txt",
			);
			runOnlyForDeploymentPostprocessing = 0;
			shellPath = /bin/sh;
			shellScript = "diff \"${PODS_PODFILE_DIR_PATH}/Podfile.lock\" \"${PODS_ROOT}/Manifest.lock\" > /dev/null\nif [ $? != 0 ] ; then\n    # print error to STDERR\n    echo \"error: The sandbox is not in sync with the Podfile.lock. Run 'pod install' or update your CocoaPods installation.\" >&2\n    exit 1\nfi\n# This output is used by Xcode 'outputs' to avoid re-running this script phase.\necho \"SUCCESS\" > \"${SCRIPT_OUTPUT_FILE_0}\"\n";
			showEnvVarsInLog = 0;
		};
/* End PBXShellScriptBuildPhase section */

/* Begin PBXSourcesBuildPhase section */
		78671E952C33DEB7006E7DD6 /* Sources */ = {
			isa = PBXSourcesBuildPhase;
			buildActionMask = 2147483647;
			files = (
				F072C58C2C4614010069045A /* ForwardModel.swift in Sources */,
				F07CBE902C369D8100A2DD8B /* ChatManager.swift in Sources */,
				F072C58E2C4629470069045A /* ForwardViewModel.swift in Sources */,
				F07CBE7A2C369D6800A2DD8B /* ReceiveImageTableViewCell.swift in Sources */,
				F0888FFF2C538D7D00DD28F0 /* ImageStackLayoutTableViewCell.swift in Sources */,
				F0888FF72C53514400DD28F0 /* ImageLayoutCollectionViewCell.swift in Sources */,
				F07CBE762C369D6800A2DD8B /* ChatRoomModel.swift in Sources */,
				F07CBE852C369D6800A2DD8B /* UserTableViewCell.swift in Sources */,
				F07CBE822C369D6800A2DD8B /* HomeModel.swift in Sources */,
				78F785AC2C495FE100ABCEB9 /* ChatRoomViewController+TableView.swift in Sources */,
				F07CBE7E2C369D6800A2DD8B /* SendImgeTableViewCell.swift in Sources */,
				F0FCCA0C2C402274002BC1B0 /* StickerCollectionViewCell.swift in Sources */,
				F0FCCA022C3FCE90002BC1B0 /* MorePopupView.swift in Sources */,
				78F785AE2C4972B300ABCEB9 /* ChatRoomViewController+CollectionView.swift in Sources */,
				F0888FE52C51FF2800DD28F0 /* ImageLayoutViewController.swift in Sources */,
				F07CBE8F2C369D8100A2DD8B /* BaseViewModel.swift in Sources */,
				F06C3D142C404F50004F5379 /* DateTimePickerViewController.swift in Sources */,
				F072C58A2C4611560069045A /* ForwardViewController.swift in Sources */,
				F07CBE8E2C369D8100A2DD8B /* BaseViewController.swift in Sources */,
				F07CBE792C369D6800A2DD8B /* ChatRoomViewModel.swift in Sources */,
				F086AA1F2C40C3C100442AF4 /* DataBaseManager.swift in Sources */,
				78BB8A252C34762200F3BA57 /* SplashController.swift in Sources */,
				F086AA242C40C45200442AF4 /* NotiDBRealmObject.swift in Sources */,
				F086AA222C40C43F00442AF4 /* NotiDbObject.swift in Sources */,
				F07CBE772C369D6800A2DD8B /* ChatRoomViewController.swift in Sources */,
				F07CBE7C2C369D6800A2DD8B /* ReceiveMessageTableViewCell.swift in Sources */,
				F0FCCA082C3FD3BC002BC1B0 /* MorePopupTableViewCell.swift in Sources */,
				F07CBEAC2C37274400A2DD8B /* ProfileImageView.swift in Sources */,
				F07CBE842C369D6800A2DD8B /* HomeViewModel.swift in Sources */,
				F072C5862C4610A80069045A /* ForwardTableViewCell.swift in Sources */,
				F0888FE92C51FF3B00DD28F0 /* ImageLayoutTableViewCell.swift in Sources */,
				F01926A72C466D3400F71D98 /* MessageSettingTableViewCell.swift in Sources */,
				F07CBE9F2C36E49700A2DD8B /* UserInfoManager.swift in Sources */,
				78671E9D2C33DEB7006E7DD6 /* AppDelegate.swift in Sources */,
				78671E9F2C33DEB7006E7DD6 /* SceneDelegate.swift in Sources */,
				78AC9E8A2C3FB917001A7B4C /* ReactionPopupController.swift in Sources */,
				F07CBE802C369D6800A2DD8B /* SendMessageTableViewCell.swift in Sources */,
				78AC9E882C3FB8EF001A7B4C /* ReactionCell.swift in Sources */,
				F0FCCA002C3FCE7A002BC1B0 /* BaseView.swift in Sources */,
				F07CBE912C369D8100A2DD8B /* StringCosntants.swift in Sources */,
				F0888FEF2C52051200DD28F0 /* ImageLayoutTableViewCell + CollectionView.swift in Sources */,
				F07CBE832C369D6800A2DD8B /* HomeViewController.swift in Sources */,
			);
			runOnlyForDeploymentPostprocessing = 0;
		};
		78671EAB2C33DEB8006E7DD6 /* Sources */ = {
			isa = PBXSourcesBuildPhase;
			buildActionMask = 2147483647;
			files = (
				78671EB42C33DEB8006E7DD6 /* MyCommunityChat_iOSTests.swift in Sources */,
			);
			runOnlyForDeploymentPostprocessing = 0;
		};
		78671EB52C33DEB8006E7DD6 /* Sources */ = {
			isa = PBXSourcesBuildPhase;
			buildActionMask = 2147483647;
			files = (
				78671EC02C33DEB8006E7DD6 /* MyCommunityChat_iOSUITestsLaunchTests.swift in Sources */,
				78671EBE2C33DEB8006E7DD6 /* MyCommunityChat_iOSUITests.swift in Sources */,
			);
			runOnlyForDeploymentPostprocessing = 0;
		};
		F05107C52C4104CD003A7823 /* Sources */ = {
			isa = PBXSourcesBuildPhase;
			buildActionMask = 2147483647;
			files = (
				F05107CC2C4104CD003A7823 /* NotificationService.swift in Sources */,
			);
			runOnlyForDeploymentPostprocessing = 0;
		};
/* End PBXSourcesBuildPhase section */

/* Begin PBXTargetDependency section */
		78671EB12C33DEB8006E7DD6 /* PBXTargetDependency */ = {
			isa = PBXTargetDependency;
			target = 78671E982C33DEB7006E7DD6 /* MyCommunityChat-iOS */;
			targetProxy = 78671EB02C33DEB8006E7DD6 /* PBXContainerItemProxy */;
		};
		78671EBB2C33DEB8006E7DD6 /* PBXTargetDependency */ = {
			isa = PBXTargetDependency;
			target = 78671E982C33DEB7006E7DD6 /* MyCommunityChat-iOS */;
			targetProxy = 78671EBA2C33DEB8006E7DD6 /* PBXContainerItemProxy */;
		};
		F05107CF2C4104CD003A7823 /* PBXTargetDependency */ = {
			isa = PBXTargetDependency;
			target = F05107C82C4104CD003A7823 /* OneSignalNotificationServiceExtension */;
			targetProxy = F05107CE2C4104CD003A7823 /* PBXContainerItemProxy */;
		};
/* End PBXTargetDependency section */

/* Begin XCBuildConfiguration section */
		78671EC12C33DEB8006E7DD6 /* Debug */ = {
			isa = XCBuildConfiguration;
			buildSettings = {
				ALWAYS_SEARCH_USER_PATHS = NO;
				ASSETCATALOG_COMPILER_GENERATE_SWIFT_ASSET_SYMBOL_EXTENSIONS = YES;
				CLANG_ANALYZER_NONNULL = YES;
				CLANG_ANALYZER_NUMBER_OBJECT_CONVERSION = YES_AGGRESSIVE;
				CLANG_CXX_LANGUAGE_STANDARD = "gnu++20";
				CLANG_ENABLE_MODULES = YES;
				CLANG_ENABLE_OBJC_ARC = YES;
				CLANG_ENABLE_OBJC_WEAK = YES;
				CLANG_WARN_BLOCK_CAPTURE_AUTORELEASING = YES;
				CLANG_WARN_BOOL_CONVERSION = YES;
				CLANG_WARN_COMMA = YES;
				CLANG_WARN_CONSTANT_CONVERSION = YES;
				CLANG_WARN_DEPRECATED_OBJC_IMPLEMENTATIONS = YES;
				CLANG_WARN_DIRECT_OBJC_ISA_USAGE = YES_ERROR;
				CLANG_WARN_DOCUMENTATION_COMMENTS = YES;
				CLANG_WARN_EMPTY_BODY = YES;
				CLANG_WARN_ENUM_CONVERSION = YES;
				CLANG_WARN_INFINITE_RECURSION = YES;
				CLANG_WARN_INT_CONVERSION = YES;
				CLANG_WARN_NON_LITERAL_NULL_CONVERSION = YES;
				CLANG_WARN_OBJC_IMPLICIT_RETAIN_SELF = YES;
				CLANG_WARN_OBJC_LITERAL_CONVERSION = YES;
				CLANG_WARN_OBJC_ROOT_CLASS = YES_ERROR;
				CLANG_WARN_QUOTED_INCLUDE_IN_FRAMEWORK_HEADER = YES;
				CLANG_WARN_RANGE_LOOP_ANALYSIS = YES;
				CLANG_WARN_STRICT_PROTOTYPES = YES;
				CLANG_WARN_SUSPICIOUS_MOVE = YES;
				CLANG_WARN_UNGUARDED_AVAILABILITY = YES_AGGRESSIVE;
				CLANG_WARN_UNREACHABLE_CODE = YES;
				CLANG_WARN__DUPLICATE_METHOD_MATCH = YES;
				COPY_PHASE_STRIP = NO;
				DEBUG_INFORMATION_FORMAT = dwarf;
				ENABLE_STRICT_OBJC_MSGSEND = YES;
				ENABLE_TESTABILITY = YES;
				ENABLE_USER_SCRIPT_SANDBOXING = YES;
				GCC_C_LANGUAGE_STANDARD = gnu17;
				GCC_DYNAMIC_NO_PIC = NO;
				GCC_NO_COMMON_BLOCKS = YES;
				GCC_OPTIMIZATION_LEVEL = 0;
				GCC_PREPROCESSOR_DEFINITIONS = (
					"DEBUG=1",
					"$(inherited)",
				);
				GCC_WARN_64_TO_32_BIT_CONVERSION = YES;
				GCC_WARN_ABOUT_RETURN_TYPE = YES_ERROR;
				GCC_WARN_UNDECLARED_SELECTOR = YES;
				GCC_WARN_UNINITIALIZED_AUTOS = YES_AGGRESSIVE;
				GCC_WARN_UNUSED_FUNCTION = YES;
				GCC_WARN_UNUSED_VARIABLE = YES;
				IPHONEOS_DEPLOYMENT_TARGET = 13.0;
				LOCALIZATION_PREFERS_STRING_CATALOGS = YES;
				MTL_ENABLE_DEBUG_INFO = INCLUDE_SOURCE;
				MTL_FAST_MATH = YES;
				ONLY_ACTIVE_ARCH = YES;
				SDKROOT = iphoneos;
				SWIFT_ACTIVE_COMPILATION_CONDITIONS = "DEBUG $(inherited)";
				SWIFT_OPTIMIZATION_LEVEL = "-Onone";
			};
			name = Debug;
		};
		78671EC22C33DEB8006E7DD6 /* Release */ = {
			isa = XCBuildConfiguration;
			buildSettings = {
				ALWAYS_SEARCH_USER_PATHS = NO;
				ASSETCATALOG_COMPILER_GENERATE_SWIFT_ASSET_SYMBOL_EXTENSIONS = YES;
				CLANG_ANALYZER_NONNULL = YES;
				CLANG_ANALYZER_NUMBER_OBJECT_CONVERSION = YES_AGGRESSIVE;
				CLANG_CXX_LANGUAGE_STANDARD = "gnu++20";
				CLANG_ENABLE_MODULES = YES;
				CLANG_ENABLE_OBJC_ARC = YES;
				CLANG_ENABLE_OBJC_WEAK = YES;
				CLANG_WARN_BLOCK_CAPTURE_AUTORELEASING = YES;
				CLANG_WARN_BOOL_CONVERSION = YES;
				CLANG_WARN_COMMA = YES;
				CLANG_WARN_CONSTANT_CONVERSION = YES;
				CLANG_WARN_DEPRECATED_OBJC_IMPLEMENTATIONS = YES;
				CLANG_WARN_DIRECT_OBJC_ISA_USAGE = YES_ERROR;
				CLANG_WARN_DOCUMENTATION_COMMENTS = YES;
				CLANG_WARN_EMPTY_BODY = YES;
				CLANG_WARN_ENUM_CONVERSION = YES;
				CLANG_WARN_INFINITE_RECURSION = YES;
				CLANG_WARN_INT_CONVERSION = YES;
				CLANG_WARN_NON_LITERAL_NULL_CONVERSION = YES;
				CLANG_WARN_OBJC_IMPLICIT_RETAIN_SELF = YES;
				CLANG_WARN_OBJC_LITERAL_CONVERSION = YES;
				CLANG_WARN_OBJC_ROOT_CLASS = YES_ERROR;
				CLANG_WARN_QUOTED_INCLUDE_IN_FRAMEWORK_HEADER = YES;
				CLANG_WARN_RANGE_LOOP_ANALYSIS = YES;
				CLANG_WARN_STRICT_PROTOTYPES = YES;
				CLANG_WARN_SUSPICIOUS_MOVE = YES;
				CLANG_WARN_UNGUARDED_AVAILABILITY = YES_AGGRESSIVE;
				CLANG_WARN_UNREACHABLE_CODE = YES;
				CLANG_WARN__DUPLICATE_METHOD_MATCH = YES;
				COPY_PHASE_STRIP = NO;
				DEBUG_INFORMATION_FORMAT = "dwarf-with-dsym";
				ENABLE_NS_ASSERTIONS = NO;
				ENABLE_STRICT_OBJC_MSGSEND = YES;
				ENABLE_USER_SCRIPT_SANDBOXING = YES;
				GCC_C_LANGUAGE_STANDARD = gnu17;
				GCC_NO_COMMON_BLOCKS = YES;
				GCC_WARN_64_TO_32_BIT_CONVERSION = YES;
				GCC_WARN_ABOUT_RETURN_TYPE = YES_ERROR;
				GCC_WARN_UNDECLARED_SELECTOR = YES;
				GCC_WARN_UNINITIALIZED_AUTOS = YES_AGGRESSIVE;
				GCC_WARN_UNUSED_FUNCTION = YES;
				GCC_WARN_UNUSED_VARIABLE = YES;
				IPHONEOS_DEPLOYMENT_TARGET = 13.0;
				LOCALIZATION_PREFERS_STRING_CATALOGS = YES;
				MTL_ENABLE_DEBUG_INFO = NO;
				MTL_FAST_MATH = YES;
				SDKROOT = iphoneos;
				SWIFT_COMPILATION_MODE = wholemodule;
				VALIDATE_PRODUCT = YES;
			};
			name = Release;
		};
		78671EC42C33DEB8006E7DD6 /* Debug */ = {
			isa = XCBuildConfiguration;
			baseConfigurationReference = 5713A2433D32BAA98B5AB4EB /* Pods-MyCommunityChat-iOS.debug.xcconfig */;
			buildSettings = {
				ALWAYS_EMBED_SWIFT_STANDARD_LIBRARIES = YES;
				ASSETCATALOG_COMPILER_APPICON_NAME = AppIcon;
				ASSETCATALOG_COMPILER_GLOBAL_ACCENT_COLOR_NAME = AccentColor;
				CODE_SIGN_ENTITLEMENTS = "MyCommunityChat-iOS/MyCommunityChat-iOS.entitlements";
				CODE_SIGN_IDENTITY = "Apple Development";
				CODE_SIGN_STYLE = Automatic;
				CURRENT_PROJECT_VERSION = 4;
				DEVELOPMENT_TEAM = XWPM63M4C4;
				ENABLE_USER_SCRIPT_SANDBOXING = NO;
				GENERATE_INFOPLIST_FILE = YES;
				INFOPLIST_FILE = "MyCommunityChat-iOS/AppConfig/Info.plist";
				INFOPLIST_KEY_CFBundleDisplayName = "MY Comm";
				INFOPLIST_KEY_NSCameraUsageDescription = "MyCom want to access your Camera.";
				INFOPLIST_KEY_NSPhotoLibraryUsageDescription = "MyCom want to access your Photos.";
				INFOPLIST_KEY_UIApplicationSupportsIndirectInputEvents = YES;
				INFOPLIST_KEY_UILaunchStoryboardName = SplashController.xib;
				INFOPLIST_KEY_UIMainStoryboardFile = Main;
				INFOPLIST_KEY_UISupportedInterfaceOrientations = UIInterfaceOrientationPortrait;
				INFOPLIST_KEY_UIUserInterfaceStyle = Light;
				LD_RUNPATH_SEARCH_PATHS = (
					"$(inherited)",
					"@executable_path/Frameworks",
				);
				MARKETING_VERSION = 1.0;
				PRODUCT_BUNDLE_IDENTIFIER = "com.joygroups.MyCommunityChat-iOS";
				PRODUCT_NAME = "$(TARGET_NAME)";
				PROVISIONING_PROFILE_SPECIFIER = "";
				SUPPORTED_PLATFORMS = "iphoneos iphonesimulator";
				SUPPORTS_MACCATALYST = NO;
				SUPPORTS_MAC_DESIGNED_FOR_IPHONE_IPAD = NO;
				SUPPORTS_XR_DESIGNED_FOR_IPHONE_IPAD = NO;
				SWIFT_EMIT_LOC_STRINGS = YES;
				SWIFT_VERSION = 5.0;
				TARGETED_DEVICE_FAMILY = 1;
			};
			name = Debug;
		};
		78671EC52C33DEB8006E7DD6 /* Release */ = {
			isa = XCBuildConfiguration;
			baseConfigurationReference = 999216BD89321ADCAC3DDB45 /* Pods-MyCommunityChat-iOS.release.xcconfig */;
			buildSettings = {
				ALWAYS_EMBED_SWIFT_STANDARD_LIBRARIES = YES;
				ASSETCATALOG_COMPILER_APPICON_NAME = AppIcon;
				ASSETCATALOG_COMPILER_GLOBAL_ACCENT_COLOR_NAME = AccentColor;
				CODE_SIGN_ENTITLEMENTS = "MyCommunityChat-iOS/MyCommunityChat-iOS.entitlements";
				CODE_SIGN_IDENTITY = "Apple Development";
				CODE_SIGN_STYLE = Automatic;
				CURRENT_PROJECT_VERSION = 4;
				DEVELOPMENT_TEAM = XWPM63M4C4;
				ENABLE_USER_SCRIPT_SANDBOXING = NO;
				GENERATE_INFOPLIST_FILE = YES;
				INFOPLIST_FILE = "MyCommunityChat-iOS/AppConfig/Info.plist";
				INFOPLIST_KEY_CFBundleDisplayName = "MY Comm";
				INFOPLIST_KEY_NSCameraUsageDescription = "MyCom want to access your Camera.";
				INFOPLIST_KEY_NSPhotoLibraryUsageDescription = "MyCom want to access your Photos.";
				INFOPLIST_KEY_UIApplicationSupportsIndirectInputEvents = YES;
				INFOPLIST_KEY_UILaunchStoryboardName = SplashController.xib;
				INFOPLIST_KEY_UIMainStoryboardFile = Main;
				INFOPLIST_KEY_UISupportedInterfaceOrientations = UIInterfaceOrientationPortrait;
				INFOPLIST_KEY_UIUserInterfaceStyle = Light;
				LD_RUNPATH_SEARCH_PATHS = (
					"$(inherited)",
					"@executable_path/Frameworks",
				);
				MARKETING_VERSION = 1.0;
				PRODUCT_BUNDLE_IDENTIFIER = "com.joygroups.MyCommunityChat-iOS";
				PRODUCT_NAME = "$(TARGET_NAME)";
				PROVISIONING_PROFILE_SPECIFIER = "";
				SUPPORTED_PLATFORMS = "iphoneos iphonesimulator";
				SUPPORTS_MACCATALYST = NO;
				SUPPORTS_MAC_DESIGNED_FOR_IPHONE_IPAD = NO;
				SUPPORTS_XR_DESIGNED_FOR_IPHONE_IPAD = NO;
				SWIFT_EMIT_LOC_STRINGS = YES;
				SWIFT_VERSION = 5.0;
				TARGETED_DEVICE_FAMILY = 1;
			};
			name = Release;
		};
		78671EC72C33DEB8006E7DD6 /* Debug */ = {
			isa = XCBuildConfiguration;
			baseConfigurationReference = 50B39DB6E89EB582DFA60FC9 /* Pods-MyCommunityChat-iOSTests.debug.xcconfig */;
			buildSettings = {
				ALWAYS_EMBED_SWIFT_STANDARD_LIBRARIES = YES;
				BUNDLE_LOADER = "$(TEST_HOST)";
				CODE_SIGN_STYLE = Automatic;
				CURRENT_PROJECT_VERSION = 1;
				GENERATE_INFOPLIST_FILE = YES;
				IPHONEOS_DEPLOYMENT_TARGET = 17.5;
				MARKETING_VERSION = 1.0;
				PRODUCT_BUNDLE_IDENTIFIER = "com.kuku.MyCommunityChat-iOSTests";
				PRODUCT_NAME = "$(TARGET_NAME)";
				SWIFT_EMIT_LOC_STRINGS = NO;
				SWIFT_VERSION = 5.0;
				TARGETED_DEVICE_FAMILY = "1,2";
				TEST_HOST = "$(BUILT_PRODUCTS_DIR)/MyCommunityChat-iOS.app/$(BUNDLE_EXECUTABLE_FOLDER_PATH)/MyCommunityChat-iOS";
			};
			name = Debug;
		};
		78671EC82C33DEB8006E7DD6 /* Release */ = {
			isa = XCBuildConfiguration;
			baseConfigurationReference = F5CEC5611CDF72A497CF6402 /* Pods-MyCommunityChat-iOSTests.release.xcconfig */;
			buildSettings = {
				ALWAYS_EMBED_SWIFT_STANDARD_LIBRARIES = YES;
				BUNDLE_LOADER = "$(TEST_HOST)";
				CODE_SIGN_STYLE = Automatic;
				CURRENT_PROJECT_VERSION = 1;
				GENERATE_INFOPLIST_FILE = YES;
				IPHONEOS_DEPLOYMENT_TARGET = 17.5;
				MARKETING_VERSION = 1.0;
				PRODUCT_BUNDLE_IDENTIFIER = "com.kuku.MyCommunityChat-iOSTests";
				PRODUCT_NAME = "$(TARGET_NAME)";
				SWIFT_EMIT_LOC_STRINGS = NO;
				SWIFT_VERSION = 5.0;
				TARGETED_DEVICE_FAMILY = "1,2";
				TEST_HOST = "$(BUILT_PRODUCTS_DIR)/MyCommunityChat-iOS.app/$(BUNDLE_EXECUTABLE_FOLDER_PATH)/MyCommunityChat-iOS";
			};
			name = Release;
		};
		78671ECA2C33DEB8006E7DD6 /* Debug */ = {
			isa = XCBuildConfiguration;
			baseConfigurationReference = 487F0ACE53C385CF723C9745 /* Pods-MyCommunityChat-iOSUITests.debug.xcconfig */;
			buildSettings = {
				ALWAYS_EMBED_SWIFT_STANDARD_LIBRARIES = YES;
				CODE_SIGN_STYLE = Automatic;
				CURRENT_PROJECT_VERSION = 1;
				GENERATE_INFOPLIST_FILE = YES;
				MARKETING_VERSION = 1.0;
				PRODUCT_BUNDLE_IDENTIFIER = "com.kuku.MyCommunityChat-iOSUITests";
				PRODUCT_NAME = "$(TARGET_NAME)";
				SWIFT_EMIT_LOC_STRINGS = NO;
				SWIFT_VERSION = 5.0;
				TARGETED_DEVICE_FAMILY = "1,2";
				TEST_TARGET_NAME = "MyCommunityChat-iOS";
			};
			name = Debug;
		};
		78671ECB2C33DEB8006E7DD6 /* Release */ = {
			isa = XCBuildConfiguration;
			baseConfigurationReference = 565E49CCF3606F9BA374ECD8 /* Pods-MyCommunityChat-iOSUITests.release.xcconfig */;
			buildSettings = {
				ALWAYS_EMBED_SWIFT_STANDARD_LIBRARIES = YES;
				CODE_SIGN_STYLE = Automatic;
				CURRENT_PROJECT_VERSION = 1;
				GENERATE_INFOPLIST_FILE = YES;
				MARKETING_VERSION = 1.0;
				PRODUCT_BUNDLE_IDENTIFIER = "com.kuku.MyCommunityChat-iOSUITests";
				PRODUCT_NAME = "$(TARGET_NAME)";
				SWIFT_EMIT_LOC_STRINGS = NO;
				SWIFT_VERSION = 5.0;
				TARGETED_DEVICE_FAMILY = "1,2";
				TEST_TARGET_NAME = "MyCommunityChat-iOS";
			};
			name = Release;
		};
		F05107D22C4104CD003A7823 /* Debug */ = {
			isa = XCBuildConfiguration;
			baseConfigurationReference = 024848DAAB223B76D1958E15 /* Pods-OneSignalNotificationServiceExtension.debug.xcconfig */;
			buildSettings = {
				CODE_SIGN_ENTITLEMENTS = OneSignalNotificationServiceExtension/OneSignalNotificationServiceExtension.entitlements;
				CODE_SIGN_IDENTITY = "Apple Development";
				CODE_SIGN_STYLE = Automatic;
				CURRENT_PROJECT_VERSION = 1;
				DEVELOPMENT_TEAM = XWPM63M4C4;
				GENERATE_INFOPLIST_FILE = YES;
				INFOPLIST_FILE = OneSignalNotificationServiceExtension/Info.plist;
				INFOPLIST_KEY_CFBundleDisplayName = OneSignalNotificationServiceExtension;
				INFOPLIST_KEY_NSHumanReadableCopyright = "";
				IPHONEOS_DEPLOYMENT_TARGET = 13.0;
				LD_RUNPATH_SEARCH_PATHS = (
					"$(inherited)",
					"@executable_path/Frameworks",
					"@executable_path/../../Frameworks",
				);
				MARKETING_VERSION = 1.0;
				PRODUCT_BUNDLE_IDENTIFIER = "com.joygroups.MyCommunityChat-iOS.OneSignalNotificationServiceExtension";
				PRODUCT_NAME = "$(TARGET_NAME)";
				SKIP_INSTALL = YES;
				SWIFT_EMIT_LOC_STRINGS = YES;
				SWIFT_VERSION = 5.0;
				TARGETED_DEVICE_FAMILY = "1,2";
			};
			name = Debug;
		};
		F05107D32C4104CD003A7823 /* Release */ = {
			isa = XCBuildConfiguration;
			baseConfigurationReference = 4268578DE28D57B67DF45F00 /* Pods-OneSignalNotificationServiceExtension.release.xcconfig */;
			buildSettings = {
				CODE_SIGN_ENTITLEMENTS = OneSignalNotificationServiceExtension/OneSignalNotificationServiceExtension.entitlements;
				CODE_SIGN_IDENTITY = "Apple Development";
				CODE_SIGN_STYLE = Automatic;
				CURRENT_PROJECT_VERSION = 1;
				DEVELOPMENT_TEAM = XWPM63M4C4;
				GENERATE_INFOPLIST_FILE = YES;
				INFOPLIST_FILE = OneSignalNotificationServiceExtension/Info.plist;
				INFOPLIST_KEY_CFBundleDisplayName = OneSignalNotificationServiceExtension;
				INFOPLIST_KEY_NSHumanReadableCopyright = "";
				IPHONEOS_DEPLOYMENT_TARGET = 13.0;
				LD_RUNPATH_SEARCH_PATHS = (
					"$(inherited)",
					"@executable_path/Frameworks",
					"@executable_path/../../Frameworks",
				);
				MARKETING_VERSION = 1.0;
				PRODUCT_BUNDLE_IDENTIFIER = "com.joygroups.MyCommunityChat-iOS.OneSignalNotificationServiceExtension";
				PRODUCT_NAME = "$(TARGET_NAME)";
				SKIP_INSTALL = YES;
				SWIFT_EMIT_LOC_STRINGS = YES;
				SWIFT_VERSION = 5.0;
				TARGETED_DEVICE_FAMILY = "1,2";
			};
			name = Release;
		};
/* End XCBuildConfiguration section */

/* Begin XCConfigurationList section */
		78671E942C33DEB7006E7DD6 /* Build configuration list for PBXProject "MyCommunityChat-iOS" */ = {
			isa = XCConfigurationList;
			buildConfigurations = (
				78671EC12C33DEB8006E7DD6 /* Debug */,
				78671EC22C33DEB8006E7DD6 /* Release */,
			);
			defaultConfigurationIsVisible = 0;
			defaultConfigurationName = Release;
		};
		78671EC32C33DEB8006E7DD6 /* Build configuration list for PBXNativeTarget "MyCommunityChat-iOS" */ = {
			isa = XCConfigurationList;
			buildConfigurations = (
				78671EC42C33DEB8006E7DD6 /* Debug */,
				78671EC52C33DEB8006E7DD6 /* Release */,
			);
			defaultConfigurationIsVisible = 0;
			defaultConfigurationName = Release;
		};
		78671EC62C33DEB8006E7DD6 /* Build configuration list for PBXNativeTarget "MyCommunityChat-iOSTests" */ = {
			isa = XCConfigurationList;
			buildConfigurations = (
				78671EC72C33DEB8006E7DD6 /* Debug */,
				78671EC82C33DEB8006E7DD6 /* Release */,
			);
			defaultConfigurationIsVisible = 0;
			defaultConfigurationName = Release;
		};
		78671EC92C33DEB8006E7DD6 /* Build configuration list for PBXNativeTarget "MyCommunityChat-iOSUITests" */ = {
			isa = XCConfigurationList;
			buildConfigurations = (
				78671ECA2C33DEB8006E7DD6 /* Debug */,
				78671ECB2C33DEB8006E7DD6 /* Release */,
			);
			defaultConfigurationIsVisible = 0;
			defaultConfigurationName = Release;
		};
		F05107D12C4104CD003A7823 /* Build configuration list for PBXNativeTarget "OneSignalNotificationServiceExtension" */ = {
			isa = XCConfigurationList;
			buildConfigurations = (
				F05107D22C4104CD003A7823 /* Debug */,
				F05107D32C4104CD003A7823 /* Release */,
			);
			defaultConfigurationIsVisible = 0;
			defaultConfigurationName = Release;
		};
/* End XCConfigurationList section */
	};
	rootObject = 78671E912C33DEB7006E7DD6 /* Project object */;
}
