// !$*UTF8*$!
{
	archiveVersion = 1;
	classes = {
	};
	objectVersion = 56;
	objects = {

/* Begin PBXBuildFile section */
		7861EE832C37AFEF0096D925 /* ToastView.swift in Sources */ = {isa = PBXBuildFile; fileRef = 7861EE802C37AFEF0096D925 /* ToastView.swift */; };
		7861EE842C37AFEF0096D925 /* ToastView.xib in Resources */ = {isa = PBXBuildFile; fileRef = 7861EE812C37AFEF0096D925 /* ToastView.xib */; };
		78671F282C33E914006E7DD6 /* Auth.h in Headers */ = {isa = PBXBuildFile; fileRef = 78671F272C33E914006E7DD6 /* Auth.h */; settings = {ATTRIBUTES = (Public, ); }; };
		78A947D92C3528B80086F9A1 /* OTPController.swift in Sources */ = {isa = PBXBuildFile; fileRef = 78A947D72C3528B80086F9A1 /* OTPController.swift */; };
		78A947DA2C3528B80086F9A1 /* OTPController.xib in Resources */ = {isa = PBXBuildFile; fileRef = 78A947D82C3528B80086F9A1 /* OTPController.xib */; };
		78A947DE2C3529420086F9A1 /* LogoAndTitleView.swift in Sources */ = {isa = PBXBuildFile; fileRef = 78A947DD2C3529420086F9A1 /* LogoAndTitleView.swift */; };
		78A947E02C35295C0086F9A1 /* LogoAndTitleView.xib in Resources */ = {isa = PBXBuildFile; fileRef = 78A947DF2C35295C0086F9A1 /* LogoAndTitleView.xib */; };
		78A947F12C3548E90086F9A1 /* Domain.framework in Frameworks */ = {isa = PBXBuildFile; fileRef = 78A947F02C3548E90086F9A1 /* Domain.framework */; };
		78A947F22C3548E90086F9A1 /* Domain.framework in Embed Frameworks */ = {isa = PBXBuildFile; fileRef = 78A947F02C3548E90086F9A1 /* Domain.framework */; settings = {ATTRIBUTES = (CodeSignOnCopy, RemoveHeadersOnCopy, ); }; };
		78A947F62C354F1B0086F9A1 /* ProfileController.xib in Resources */ = {isa = PBXBuildFile; fileRef = 78A947F52C354F1B0086F9A1 /* ProfileController.xib */; };
		78A947F72C354F1B0086F9A1 /* ProfileController.swift in Sources */ = {isa = PBXBuildFile; fileRef = 78A947F42C354F1B0086F9A1 /* ProfileController.swift */; };
		78A947F92C35559E0086F9A1 /* LoginVM.swift in Sources */ = {isa = PBXBuildFile; fileRef = 78A947F82C35559E0086F9A1 /* LoginVM.swift */; };
		78A947FB2C3555A90086F9A1 /* OTPVM.swift in Sources */ = {isa = PBXBuildFile; fileRef = 78A947FA2C3555A90086F9A1 /* OTPVM.swift */; };
		78BB8A2D2C3479A800F3BA57 /* LoginController.swift in Sources */ = {isa = PBXBuildFile; fileRef = 78BB8A2B2C3479A800F3BA57 /* LoginController.swift */; };
		78BB8A2E2C3479A800F3BA57 /* LoginController.xib in Resources */ = {isa = PBXBuildFile; fileRef = 78BB8A2C2C3479A800F3BA57 /* LoginController.xib */; };
		78BB8A322C347AAC00F3BA57 /* CommonExtension.framework in Frameworks */ = {isa = PBXBuildFile; fileRef = 78BB8A302C347AAC00F3BA57 /* CommonExtension.framework */; };
		78BB8A332C347AAC00F3BA57 /* CommonExtension.framework in Embed Frameworks */ = {isa = PBXBuildFile; fileRef = 78BB8A302C347AAC00F3BA57 /* CommonExtension.framework */; settings = {ATTRIBUTES = (CodeSignOnCopy, RemoveHeadersOnCopy, ); }; };
		78BB8A342C347AAC00F3BA57 /* CommonUI.framework in Frameworks */ = {isa = PBXBuildFile; fileRef = 78BB8A312C347AAC00F3BA57 /* CommonUI.framework */; };
		78BB8A352C347AAC00F3BA57 /* CommonUI.framework in Embed Frameworks */ = {isa = PBXBuildFile; fileRef = 78BB8A312C347AAC00F3BA57 /* CommonUI.framework */; settings = {ATTRIBUTES = (CodeSignOnCopy, RemoveHeadersOnCopy, ); }; };
		78BB8A412C347E1300F3BA57 /* AuthModule.swift in Sources */ = {isa = PBXBuildFile; fileRef = 78BB8A402C347E1300F3BA57 /* AuthModule.swift */; };
		78BB8A442C347F4A00F3BA57 /* Icons.xcassets in Resources */ = {isa = PBXBuildFile; fileRef = 78BB8A432C347F4A00F3BA57 /* Icons.xcassets */; };
		78D82F902C367E8000D70B25 /* AvatarAlertView.xib in Resources */ = {isa = PBXBuildFile; fileRef = 78D82F8E2C367E8000D70B25 /* AvatarAlertView.xib */; };
		78D82F912C367E8000D70B25 /* AvatarAlertView.swift in Sources */ = {isa = PBXBuildFile; fileRef = 78D82F8F2C367E8000D70B25 /* AvatarAlertView.swift */; };
		78D82F952C367EAB00D70B25 /* AvatarItemCell.swift in Sources */ = {isa = PBXBuildFile; fileRef = 78D82F932C367EAB00D70B25 /* AvatarItemCell.swift */; };
		78D82F962C367EAB00D70B25 /* AvatarItemCell.xib in Resources */ = {isa = PBXBuildFile; fileRef = 78D82F942C367EAB00D70B25 /* AvatarItemCell.xib */; };
		F07CBE9D2C36A70100A2DD8B /* UserManager.swift in Sources */ = {isa = PBXBuildFile; fileRef = F07CBE9C2C36A70100A2DD8B /* UserManager.swift */; };
/* End PBXBuildFile section */

/* Begin PBXCopyFilesBuildPhase section */
		78BB8A362C347AAC00F3BA57 /* Embed Frameworks */ = {
			isa = PBXCopyFilesBuildPhase;
			buildActionMask = 2147483647;
			dstPath = "";
			dstSubfolderSpec = 10;
			files = (
				78A947F22C3548E90086F9A1 /* Domain.framework in Embed Frameworks */,
				78BB8A332C347AAC00F3BA57 /* CommonExtension.framework in Embed Frameworks */,
				78BB8A352C347AAC00F3BA57 /* CommonUI.framework in Embed Frameworks */,
			);
			name = "Embed Frameworks";
			runOnlyForDeploymentPostprocessing = 0;
		};
/* End PBXCopyFilesBuildPhase section */

/* Begin PBXFileReference section */
		7861EE802C37AFEF0096D925 /* ToastView.swift */ = {isa = PBXFileReference; fileEncoding = 4; lastKnownFileType = sourcecode.swift; path = ToastView.swift; sourceTree = "<group>"; };
		7861EE812C37AFEF0096D925 /* ToastView.xib */ = {isa = PBXFileReference; fileEncoding = 4; lastKnownFileType = file.xib; path = ToastView.xib; sourceTree = "<group>"; };
		78671F242C33E914006E7DD6 /* Auth.framework */ = {isa = PBXFileReference; explicitFileType = wrapper.framework; includeInIndex = 0; path = Auth.framework; sourceTree = BUILT_PRODUCTS_DIR; };
		78671F272C33E914006E7DD6 /* Auth.h */ = {isa = PBXFileReference; lastKnownFileType = sourcecode.c.h; path = Auth.h; sourceTree = "<group>"; };
		78A947D72C3528B80086F9A1 /* OTPController.swift */ = {isa = PBXFileReference; lastKnownFileType = sourcecode.swift; path = OTPController.swift; sourceTree = "<group>"; };
		78A947D82C3528B80086F9A1 /* OTPController.xib */ = {isa = PBXFileReference; lastKnownFileType = file.xib; path = OTPController.xib; sourceTree = "<group>"; };
		78A947DD2C3529420086F9A1 /* LogoAndTitleView.swift */ = {isa = PBXFileReference; lastKnownFileType = sourcecode.swift; path = LogoAndTitleView.swift; sourceTree = "<group>"; };
		78A947DF2C35295C0086F9A1 /* LogoAndTitleView.xib */ = {isa = PBXFileReference; lastKnownFileType = file.xib; path = LogoAndTitleView.xib; sourceTree = "<group>"; };
		78A947F02C3548E90086F9A1 /* Domain.framework */ = {isa = PBXFileReference; explicitFileType = wrapper.framework; path = Domain.framework; sourceTree = BUILT_PRODUCTS_DIR; };
		78A947F42C354F1B0086F9A1 /* ProfileController.swift */ = {isa = PBXFileReference; lastKnownFileType = sourcecode.swift; path = ProfileController.swift; sourceTree = "<group>"; };
		78A947F52C354F1B0086F9A1 /* ProfileController.xib */ = {isa = PBXFileReference; lastKnownFileType = file.xib; path = ProfileController.xib; sourceTree = "<group>"; };
		78A947F82C35559E0086F9A1 /* LoginVM.swift */ = {isa = PBXFileReference; lastKnownFileType = sourcecode.swift; path = LoginVM.swift; sourceTree = "<group>"; };
		78A947FA2C3555A90086F9A1 /* OTPVM.swift */ = {isa = PBXFileReference; lastKnownFileType = sourcecode.swift; path = OTPVM.swift; sourceTree = "<group>"; };
		78BB8A2B2C3479A800F3BA57 /* LoginController.swift */ = {isa = PBXFileReference; lastKnownFileType = sourcecode.swift; path = LoginController.swift; sourceTree = "<group>"; };
		78BB8A2C2C3479A800F3BA57 /* LoginController.xib */ = {isa = PBXFileReference; lastKnownFileType = file.xib; path = LoginController.xib; sourceTree = "<group>"; };
		78BB8A302C347AAC00F3BA57 /* CommonExtension.framework */ = {isa = PBXFileReference; explicitFileType = wrapper.framework; path = CommonExtension.framework; sourceTree = BUILT_PRODUCTS_DIR; };
		78BB8A312C347AAC00F3BA57 /* CommonUI.framework */ = {isa = PBXFileReference; explicitFileType = wrapper.framework; path = CommonUI.framework; sourceTree = BUILT_PRODUCTS_DIR; };
		78BB8A402C347E1300F3BA57 /* AuthModule.swift */ = {isa = PBXFileReference; lastKnownFileType = sourcecode.swift; path = AuthModule.swift; sourceTree = "<group>"; };
		78BB8A432C347F4A00F3BA57 /* Icons.xcassets */ = {isa = PBXFileReference; lastKnownFileType = folder.assetcatalog; path = Icons.xcassets; sourceTree = "<group>"; };
		78D82F8E2C367E8000D70B25 /* AvatarAlertView.xib */ = {isa = PBXFileReference; fileEncoding = 4; lastKnownFileType = file.xib; name = AvatarAlertView.xib; path = Auth/Views/AvaterAlertView/AvatarAlertView.xib; sourceTree = SOURCE_ROOT; };
		78D82F8F2C367E8000D70B25 /* AvatarAlertView.swift */ = {isa = PBXFileReference; fileEncoding = 4; lastKnownFileType = sourcecode.swift; name = AvatarAlertView.swift; path = Auth/Views/AvaterAlertView/AvatarAlertView.swift; sourceTree = SOURCE_ROOT; };
		78D82F932C367EAB00D70B25 /* AvatarItemCell.swift */ = {isa = PBXFileReference; fileEncoding = 4; lastKnownFileType = sourcecode.swift; name = AvatarItemCell.swift; path = Auth/Views/CollectionCell/AvatarItemCell/AvatarItemCell.swift; sourceTree = SOURCE_ROOT; };
		78D82F942C367EAB00D70B25 /* AvatarItemCell.xib */ = {isa = PBXFileReference; fileEncoding = 4; lastKnownFileType = file.xib; name = AvatarItemCell.xib; path = Auth/Views/CollectionCell/AvatarItemCell/AvatarItemCell.xib; sourceTree = SOURCE_ROOT; };
		F07CBE982C36A69E00A2DD8B /* Pods_MyCommunityChat_iOS.framework */ = {isa = PBXFileReference; explicitFileType = wrapper.framework; path = Pods_MyCommunityChat_iOS.framework; sourceTree = BUILT_PRODUCTS_DIR; };
		F07CBE9C2C36A70100A2DD8B /* UserManager.swift */ = {isa = PBXFileReference; fileEncoding = 4; lastKnownFileType = sourcecode.swift; path = UserManager.swift; sourceTree = "<group>"; };
		F07CBEAD2C37844D00A2DD8B /* Pods_MyCommunityChat_iOS.framework */ = {isa = PBXFileReference; explicitFileType = wrapper.framework; path = Pods_MyCommunityChat_iOS.framework; sourceTree = BUILT_PRODUCTS_DIR; };
/* End PBXFileReference section */

/* Begin PBXFrameworksBuildPhase section */
		78671F212C33E914006E7DD6 /* Frameworks */ = {
			isa = PBXFrameworksBuildPhase;
			buildActionMask = 2147483647;
			files = (
				78A947F12C3548E90086F9A1 /* Domain.framework in Frameworks */,
				78BB8A322C347AAC00F3BA57 /* CommonExtension.framework in Frameworks */,
				78BB8A342C347AAC00F3BA57 /* CommonUI.framework in Frameworks */,
			);
			runOnlyForDeploymentPostprocessing = 0;
		};
/* End PBXFrameworksBuildPhase section */

/* Begin PBXGroup section */
		7861EE822C37AFEF0096D925 /* Toast */ = {
			isa = PBXGroup;
			children = (
				7861EE802C37AFEF0096D925 /* ToastView.swift */,
				7861EE812C37AFEF0096D925 /* ToastView.xib */,
			);
			path = Toast;
			sourceTree = "<group>";
		};
		78671F1A2C33E914006E7DD6 = {
			isa = PBXGroup;
			children = (
				78671F262C33E914006E7DD6 /* Auth */,
				78671F252C33E914006E7DD6 /* Products */,
				78BB8A2F2C347AAC00F3BA57 /* Frameworks */,
			);
			sourceTree = "<group>";
		};
		78671F252C33E914006E7DD6 /* Products */ = {
			isa = PBXGroup;
			children = (
				78671F242C33E914006E7DD6 /* Auth.framework */,
			);
			name = Products;
			sourceTree = "<group>";
		};
		78671F262C33E914006E7DD6 /* Auth */ = {
			isa = PBXGroup;
			children = (
				F07CBE9B2C36A6F800A2DD8B /* Managers */,
				78A947F32C354F080086F9A1 /* Profile */,
				78A947DB2C3529200086F9A1 /* Views */,
				78BB8A422C347F3400F3BA57 /* Resource */,
				78BB8A3F2C347DFA00F3BA57 /* Config */,
				78BB8A2A2C34799600F3BA57 /* Login */,
				78A947D62C3528A80086F9A1 /* OTP */,
				78671F272C33E914006E7DD6 /* Auth.h */,
			);
			path = Auth;
			sourceTree = "<group>";
		};
		78A947D62C3528A80086F9A1 /* OTP */ = {
			isa = PBXGroup;
			children = (
				78A947D72C3528B80086F9A1 /* OTPController.swift */,
				78A947D82C3528B80086F9A1 /* OTPController.xib */,
				78A947FA2C3555A90086F9A1 /* OTPVM.swift */,
			);
			path = OTP;
			sourceTree = "<group>";
		};
		78A947DB2C3529200086F9A1 /* Views */ = {
			isa = PBXGroup;
			children = (
				7861EE822C37AFEF0096D925 /* Toast */,
				78D82F922C367E9E00D70B25 /* AvatarItemCell */,
				78D82F8D2C367E6C00D70B25 /* AvatarAlertView */,
				78A947DC2C3529290086F9A1 /* LogoAndTitleView */,
			);
			path = Views;
			sourceTree = "<group>";
		};
		78A947DC2C3529290086F9A1 /* LogoAndTitleView */ = {
			isa = PBXGroup;
			children = (
				78A947DD2C3529420086F9A1 /* LogoAndTitleView.swift */,
				78A947DF2C35295C0086F9A1 /* LogoAndTitleView.xib */,
			);
			path = LogoAndTitleView;
			sourceTree = "<group>";
		};
		78A947F32C354F080086F9A1 /* Profile */ = {
			isa = PBXGroup;
			children = (
				78A947F42C354F1B0086F9A1 /* ProfileController.swift */,
				78A947F52C354F1B0086F9A1 /* ProfileController.xib */,
			);
			path = Profile;
			sourceTree = "<group>";
		};
		78BB8A2A2C34799600F3BA57 /* Login */ = {
			isa = PBXGroup;
			children = (
				78BB8A2B2C3479A800F3BA57 /* LoginController.swift */,
				78BB8A2C2C3479A800F3BA57 /* LoginController.xib */,
				78A947F82C35559E0086F9A1 /* LoginVM.swift */,
			);
			path = Login;
			sourceTree = "<group>";
		};
		78BB8A2F2C347AAC00F3BA57 /* Frameworks */ = {
			isa = PBXGroup;
			children = (
				F07CBEAD2C37844D00A2DD8B /* Pods_MyCommunityChat_iOS.framework */,
				F07CBE982C36A69E00A2DD8B /* Pods_MyCommunityChat_iOS.framework */,
				78A947F02C3548E90086F9A1 /* Domain.framework */,
				78BB8A302C347AAC00F3BA57 /* CommonExtension.framework */,
				78BB8A312C347AAC00F3BA57 /* CommonUI.framework */,
			);
			name = Frameworks;
			sourceTree = "<group>";
		};
		78BB8A3F2C347DFA00F3BA57 /* Config */ = {
			isa = PBXGroup;
			children = (
				78BB8A402C347E1300F3BA57 /* AuthModule.swift */,
			);
			path = Config;
			sourceTree = "<group>";
		};
		78BB8A422C347F3400F3BA57 /* Resource */ = {
			isa = PBXGroup;
			children = (
				78BB8A432C347F4A00F3BA57 /* Icons.xcassets */,
			);
			path = Resource;
			sourceTree = "<group>";
		};
		78D82F8D2C367E6C00D70B25 /* AvatarAlertView */ = {
			isa = PBXGroup;
			children = (
				78D82F8F2C367E8000D70B25 /* AvatarAlertView.swift */,
				78D82F8E2C367E8000D70B25 /* AvatarAlertView.xib */,
			);
			path = AvatarAlertView;
			sourceTree = "<group>";
		};
		78D82F922C367E9E00D70B25 /* AvatarItemCell */ = {
			isa = PBXGroup;
			children = (
				78D82F932C367EAB00D70B25 /* AvatarItemCell.swift */,
				78D82F942C367EAB00D70B25 /* AvatarItemCell.xib */,
			);
			path = AvatarItemCell;
			sourceTree = "<group>";
		};
		F07CBE9B2C36A6F800A2DD8B /* Managers */ = {
			isa = PBXGroup;
			children = (
				F07CBE9C2C36A70100A2DD8B /* UserManager.swift */,
			);
			path = Managers;
			sourceTree = "<group>";
		};
/* End PBXGroup section */

/* Begin PBXHeadersBuildPhase section */
		78671F1F2C33E914006E7DD6 /* Headers */ = {
			isa = PBXHeadersBuildPhase;
			buildActionMask = 2147483647;
			files = (
				78671F282C33E914006E7DD6 /* Auth.h in Headers */,
			);
			runOnlyForDeploymentPostprocessing = 0;
		};
/* End PBXHeadersBuildPhase section */

/* Begin PBXNativeTarget section */
		78671F232C33E914006E7DD6 /* Auth */ = {
			isa = PBXNativeTarget;
			buildConfigurationList = 78671F2B2C33E914006E7DD6 /* Build configuration list for PBXNativeTarget "Auth" */;
			buildPhases = (
				78671F1F2C33E914006E7DD6 /* Headers */,
				78671F202C33E914006E7DD6 /* Sources */,
				78671F212C33E914006E7DD6 /* Frameworks */,
				78671F222C33E914006E7DD6 /* Resources */,
				78BB8A362C347AAC00F3BA57 /* Embed Frameworks */,
			);
			buildRules = (
			);
			dependencies = (
			);
			name = Auth;
			productName = Auth;
			productReference = 78671F242C33E914006E7DD6 /* Auth.framework */;
			productType = "com.apple.product-type.framework";
		};
/* End PBXNativeTarget section */

/* Begin PBXProject section */
		78671F1B2C33E914006E7DD6 /* Project object */ = {
			isa = PBXProject;
			attributes = {
				BuildIndependentTargetsInParallel = 1;
				LastUpgradeCheck = 1540;
				TargetAttributes = {
					78671F232C33E914006E7DD6 = {
						CreatedOnToolsVersion = 15.4;
						LastSwiftMigration = 1540;
					};
				};
			};
			buildConfigurationList = 78671F1E2C33E914006E7DD6 /* Build configuration list for PBXProject "Auth" */;
			compatibilityVersion = "Xcode 14.0";
			developmentRegion = en;
			hasScannedForEncodings = 0;
			knownRegions = (
				en,
				Base,
			);
			mainGroup = 78671F1A2C33E914006E7DD6;
			productRefGroup = 78671F252C33E914006E7DD6 /* Products */;
			projectDirPath = "";
			projectRoot = "";
			targets = (
				78671F232C33E914006E7DD6 /* Auth */,
			);
		};
/* End PBXProject section */

/* Begin PBXResourcesBuildPhase section */
		78671F222C33E914006E7DD6 /* Resources */ = {
			isa = PBXResourcesBuildPhase;
			buildActionMask = 2147483647;
			files = (
				78D82F902C367E8000D70B25 /* AvatarAlertView.xib in Resources */,
				78A947F62C354F1B0086F9A1 /* ProfileController.xib in Resources */,
				78A947DA2C3528B80086F9A1 /* OTPController.xib in Resources */,
				78BB8A442C347F4A00F3BA57 /* Icons.xcassets in Resources */,
				7861EE842C37AFEF0096D925 /* ToastView.xib in Resources */,
				78A947E02C35295C0086F9A1 /* LogoAndTitleView.xib in Resources */,
				78BB8A2E2C3479A800F3BA57 /* LoginController.xib in Resources */,
				78D82F962C367EAB00D70B25 /* AvatarItemCell.xib in Resources */,
			);
			runOnlyForDeploymentPostprocessing = 0;
		};
/* End PBXResourcesBuildPhase section */

/* Begin PBXSourcesBuildPhase section */
		78671F202C33E914006E7DD6 /* Sources */ = {
			isa = PBXSourcesBuildPhase;
			buildActionMask = 2147483647;
			files = (
				78A947F72C354F1B0086F9A1 /* ProfileController.swift in Sources */,
				78A947D92C3528B80086F9A1 /* OTPController.swift in Sources */,
				78D82F952C367EAB00D70B25 /* AvatarItemCell.swift in Sources */,
				78D82F912C367E8000D70B25 /* AvatarAlertView.swift in Sources */,
				7861EE832C37AFEF0096D925 /* ToastView.swift in Sources */,
				78A947F92C35559E0086F9A1 /* LoginVM.swift in Sources */,
				78BB8A2D2C3479A800F3BA57 /* LoginController.swift in Sources */,
				78A947FB2C3555A90086F9A1 /* OTPVM.swift in Sources */,
				78A947DE2C3529420086F9A1 /* LogoAndTitleView.swift in Sources */,
				F07CBE9D2C36A70100A2DD8B /* UserManager.swift in Sources */,
				78BB8A412C347E1300F3BA57 /* AuthModule.swift in Sources */,
			);
			runOnlyForDeploymentPostprocessing = 0;
		};
/* End PBXSourcesBuildPhase section */

/* Begin XCBuildConfiguration section */
		78671F292C33E914006E7DD6 /* Debug */ = {
			isa = XCBuildConfiguration;
			buildSettings = {
				ALWAYS_SEARCH_USER_PATHS = NO;
				ASSETCATALOG_COMPILER_GENERATE_SWIFT_ASSET_SYMBOL_EXTENSIONS = YES;
				CLANG_ANALYZER_NONNULL = YES;
				CLANG_ANALYZER_NUMBER_OBJECT_CONVERSION = YES_AGGRESSIVE;
				CLANG_CXX_LANGUAGE_STANDARD = "gnu++20";
				CLANG_ENABLE_MODULES = YES;
				CLANG_ENABLE_OBJC_ARC = YES;
				CLANG_ENABLE_OBJC_WEAK = YES;
				CLANG_WARN_BLOCK_CAPTURE_AUTORELEASING = YES;
				CLANG_WARN_BOOL_CONVERSION = YES;
				CLANG_WARN_COMMA = YES;
				CLANG_WARN_CONSTANT_CONVERSION = YES;
				CLANG_WARN_DEPRECATED_OBJC_IMPLEMENTATIONS = YES;
				CLANG_WARN_DIRECT_OBJC_ISA_USAGE = YES_ERROR;
				CLANG_WARN_DOCUMENTATION_COMMENTS = YES;
				CLANG_WARN_EMPTY_BODY = YES;
				CLANG_WARN_ENUM_CONVERSION = YES;
				CLANG_WARN_INFINITE_RECURSION = YES;
				CLANG_WARN_INT_CONVERSION = YES;
				CLANG_WARN_NON_LITERAL_NULL_CONVERSION = YES;
				CLANG_WARN_OBJC_IMPLICIT_RETAIN_SELF = YES;
				CLANG_WARN_OBJC_LITERAL_CONVERSION = YES;
				CLANG_WARN_OBJC_ROOT_CLASS = YES_ERROR;
				CLANG_WARN_QUOTED_INCLUDE_IN_FRAMEWORK_HEADER = YES;
				CLANG_WARN_RANGE_LOOP_ANALYSIS = YES;
				CLANG_WARN_STRICT_PROTOTYPES = YES;
				CLANG_WARN_SUSPICIOUS_MOVE = YES;
				CLANG_WARN_UNGUARDED_AVAILABILITY = YES_AGGRESSIVE;
				CLANG_WARN_UNREACHABLE_CODE = YES;
				CLANG_WARN__DUPLICATE_METHOD_MATCH = YES;
				COPY_PHASE_STRIP = NO;
				CURRENT_PROJECT_VERSION = 1;
				DEBUG_INFORMATION_FORMAT = dwarf;
				ENABLE_STRICT_OBJC_MSGSEND = YES;
				ENABLE_TESTABILITY = YES;
				ENABLE_USER_SCRIPT_SANDBOXING = YES;
				GCC_C_LANGUAGE_STANDARD = gnu17;
				GCC_DYNAMIC_NO_PIC = NO;
				GCC_NO_COMMON_BLOCKS = YES;
				GCC_OPTIMIZATION_LEVEL = 0;
				GCC_PREPROCESSOR_DEFINITIONS = (
					"DEBUG=1",
					"$(inherited)",
				);
				GCC_WARN_64_TO_32_BIT_CONVERSION = YES;
				GCC_WARN_ABOUT_RETURN_TYPE = YES_ERROR;
				GCC_WARN_UNDECLARED_SELECTOR = YES;
				GCC_WARN_UNINITIALIZED_AUTOS = YES_AGGRESSIVE;
				GCC_WARN_UNUSED_FUNCTION = YES;
				GCC_WARN_UNUSED_VARIABLE = YES;
				IPHONEOS_DEPLOYMENT_TARGET = 13.0;
				LOCALIZATION_PREFERS_STRING_CATALOGS = YES;
				MTL_ENABLE_DEBUG_INFO = INCLUDE_SOURCE;
				MTL_FAST_MATH = YES;
				ONLY_ACTIVE_ARCH = YES;
				SDKROOT = iphoneos;
				SWIFT_ACTIVE_COMPILATION_CONDITIONS = "DEBUG $(inherited)";
				SWIFT_OPTIMIZATION_LEVEL = "-Onone";
				VERSIONING_SYSTEM = "apple-generic";
				VERSION_INFO_PREFIX = "";
			};
			name = Debug;
		};
		78671F2A2C33E914006E7DD6 /* Release */ = {
			isa = XCBuildConfiguration;
			buildSettings = {
				ALWAYS_SEARCH_USER_PATHS = NO;
				ASSETCATALOG_COMPILER_GENERATE_SWIFT_ASSET_SYMBOL_EXTENSIONS = YES;
				CLANG_ANALYZER_NONNULL = YES;
				CLANG_ANALYZER_NUMBER_OBJECT_CONVERSION = YES_AGGRESSIVE;
				CLANG_CXX_LANGUAGE_STANDARD = "gnu++20";
				CLANG_ENABLE_MODULES = YES;
				CLANG_ENABLE_OBJC_ARC = YES;
				CLANG_ENABLE_OBJC_WEAK = YES;
				CLANG_WARN_BLOCK_CAPTURE_AUTORELEASING = YES;
				CLANG_WARN_BOOL_CONVERSION = YES;
				CLANG_WARN_COMMA = YES;
				CLANG_WARN_CONSTANT_CONVERSION = YES;
				CLANG_WARN_DEPRECATED_OBJC_IMPLEMENTATIONS = YES;
				CLANG_WARN_DIRECT_OBJC_ISA_USAGE = YES_ERROR;
				CLANG_WARN_DOCUMENTATION_COMMENTS = YES;
				CLANG_WARN_EMPTY_BODY = YES;
				CLANG_WARN_ENUM_CONVERSION = YES;
				CLANG_WARN_INFINITE_RECURSION = YES;
				CLANG_WARN_INT_CONVERSION = YES;
				CLANG_WARN_NON_LITERAL_NULL_CONVERSION = YES;
				CLANG_WARN_OBJC_IMPLICIT_RETAIN_SELF = YES;
				CLANG_WARN_OBJC_LITERAL_CONVERSION = YES;
				CLANG_WARN_OBJC_ROOT_CLASS = YES_ERROR;
				CLANG_WARN_QUOTED_INCLUDE_IN_FRAMEWORK_HEADER = YES;
				CLANG_WARN_RANGE_LOOP_ANALYSIS = YES;
				CLANG_WARN_STRICT_PROTOTYPES = YES;
				CLANG_WARN_SUSPICIOUS_MOVE = YES;
				CLANG_WARN_UNGUARDED_AVAILABILITY = YES_AGGRESSIVE;
				CLANG_WARN_UNREACHABLE_CODE = YES;
				CLANG_WARN__DUPLICATE_METHOD_MATCH = YES;
				COPY_PHASE_STRIP = NO;
				CURRENT_PROJECT_VERSION = 1;
				DEBUG_INFORMATION_FORMAT = "dwarf-with-dsym";
				ENABLE_NS_ASSERTIONS = NO;
				ENABLE_STRICT_OBJC_MSGSEND = YES;
				ENABLE_USER_SCRIPT_SANDBOXING = YES;
				GCC_C_LANGUAGE_STANDARD = gnu17;
				GCC_NO_COMMON_BLOCKS = YES;
				GCC_WARN_64_TO_32_BIT_CONVERSION = YES;
				GCC_WARN_ABOUT_RETURN_TYPE = YES_ERROR;
				GCC_WARN_UNDECLARED_SELECTOR = YES;
				GCC_WARN_UNINITIALIZED_AUTOS = YES_AGGRESSIVE;
				GCC_WARN_UNUSED_FUNCTION = YES;
				GCC_WARN_UNUSED_VARIABLE = YES;
				IPHONEOS_DEPLOYMENT_TARGET = 13.0;
				LOCALIZATION_PREFERS_STRING_CATALOGS = YES;
				MTL_ENABLE_DEBUG_INFO = NO;
				MTL_FAST_MATH = YES;
				SDKROOT = iphoneos;
				SWIFT_COMPILATION_MODE = wholemodule;
				VALIDATE_PRODUCT = YES;
				VERSIONING_SYSTEM = "apple-generic";
				VERSION_INFO_PREFIX = "";
			};
			name = Release;
		};
		78671F2C2C33E914006E7DD6 /* Debug */ = {
			isa = XCBuildConfiguration;
			buildSettings = {
				BUILD_LIBRARY_FOR_DISTRIBUTION = YES;
				CLANG_ENABLE_MODULES = YES;
				CODE_SIGN_STYLE = Automatic;
				CURRENT_PROJECT_VERSION = 1;
				DEFINES_MODULE = YES;
				DYLIB_COMPATIBILITY_VERSION = 1;
				DYLIB_CURRENT_VERSION = 1;
				DYLIB_INSTALL_NAME_BASE = "@rpath";
				ENABLE_MODULE_VERIFIER = YES;
				GENERATE_INFOPLIST_FILE = YES;
				INFOPLIST_KEY_NSHumanReadableCopyright = "";
				INSTALL_PATH = "$(LOCAL_LIBRARY_DIR)/Frameworks";
				LD_RUNPATH_SEARCH_PATHS = (
					"$(inherited)",
					"@executable_path/Frameworks",
					"@loader_path/Frameworks",
				);
				MARKETING_VERSION = 1.0;
				MODULE_VERIFIER_SUPPORTED_LANGUAGES = "objective-c objective-c++";
				MODULE_VERIFIER_SUPPORTED_LANGUAGE_STANDARDS = "gnu17 gnu++20";
				PRODUCT_BUNDLE_IDENTIFIER = com.kuku.Auth;
				PRODUCT_NAME = "$(TARGET_NAME:c99extidentifier)";
				SKIP_INSTALL = YES;
				SUPPORTED_PLATFORMS = "iphoneos iphonesimulator";
				SUPPORTS_MACCATALYST = NO;
				SUPPORTS_MAC_DESIGNED_FOR_IPHONE_IPAD = NO;
				SUPPORTS_XR_DESIGNED_FOR_IPHONE_IPAD = NO;
				SWIFT_EMIT_LOC_STRINGS = YES;
				SWIFT_INSTALL_OBJC_HEADER = NO;
				SWIFT_OPTIMIZATION_LEVEL = "-Onone";
				SWIFT_VERSION = 5.0;
				TARGETED_DEVICE_FAMILY = 1;
			};
			name = Debug;
		};
		78671F2D2C33E914006E7DD6 /* Release */ = {
			isa = XCBuildConfiguration;
			buildSettings = {
				BUILD_LIBRARY_FOR_DISTRIBUTION = YES;
				CLANG_ENABLE_MODULES = YES;
				CODE_SIGN_STYLE = Automatic;
				CURRENT_PROJECT_VERSION = 1;
				DEFINES_MODULE = YES;
				DYLIB_COMPATIBILITY_VERSION = 1;
				DYLIB_CURRENT_VERSION = 1;
				DYLIB_INSTALL_NAME_BASE = "@rpath";
				ENABLE_MODULE_VERIFIER = YES;
				GENERATE_INFOPLIST_FILE = YES;
				INFOPLIST_KEY_NSHumanReadableCopyright = "";
				INSTALL_PATH = "$(LOCAL_LIBRARY_DIR)/Frameworks";
				LD_RUNPATH_SEARCH_PATHS = (
					"$(inherited)",
					"@executable_path/Frameworks",
					"@loader_path/Frameworks",
				);
				MARKETING_VERSION = 1.0;
				MODULE_VERIFIER_SUPPORTED_LANGUAGES = "objective-c objective-c++";
				MODULE_VERIFIER_SUPPORTED_LANGUAGE_STANDARDS = "gnu17 gnu++20";
				PRODUCT_BUNDLE_IDENTIFIER = com.kuku.Auth;
				PRODUCT_NAME = "$(TARGET_NAME:c99extidentifier)";
				SKIP_INSTALL = YES;
				SUPPORTED_PLATFORMS = "iphoneos iphonesimulator";
				SUPPORTS_MACCATALYST = NO;
				SUPPORTS_MAC_DESIGNED_FOR_IPHONE_IPAD = NO;
				SUPPORTS_XR_DESIGNED_FOR_IPHONE_IPAD = NO;
				SWIFT_EMIT_LOC_STRINGS = YES;
				SWIFT_INSTALL_OBJC_HEADER = NO;
				SWIFT_VERSION = 5.0;
				TARGETED_DEVICE_FAMILY = 1;
			};
			name = Release;
		};
/* End XCBuildConfiguration section */

/* Begin XCConfigurationList section */
		78671F1E2C33E914006E7DD6 /* Build configuration list for PBXProject "Auth" */ = {
			isa = XCConfigurationList;
			buildConfigurations = (
				78671F292C33E914006E7DD6 /* Debug */,
				78671F2A2C33E914006E7DD6 /* Release */,
			);
			defaultConfigurationIsVisible = 0;
			defaultConfigurationName = Release;
		};
		78671F2B2C33E914006E7DD6 /* Build configuration list for PBXNativeTarget "Auth" */ = {
			isa = XCConfigurationList;
			buildConfigurations = (
				78671F2C2C33E914006E7DD6 /* Debug */,
				78671F2D2C33E914006E7DD6 /* Release */,
			);
			defaultConfigurationIsVisible = 0;
			defaultConfigurationName = Release;
		};
/* End XCConfigurationList section */
	};
	rootObject = 78671F1B2C33E914006E7DD6 /* Project object */;
}
