// !$*UTF8*$!
{
	archiveVersion = 1;
	classes = {
	};
	objectVersion = 56;
	objects = {

/* Begin PBXBuildFile section */
		7861EE862C37B2B80096D925 /* BaseVC.swift in Sources */ = {isa = PBXBuildFile; fileRef = 7861EE852C37B2B80096D925 /* BaseVC.swift */; };
		78671FD12C33EB81006E7DD6 /* CommonUI.h in Headers */ = {isa = PBXBuildFile; fileRef = 78671FD02C33EB81006E7DD6 /* CommonUI.h */; settings = {ATTRIBUTES = (Public, ); }; };
		78671FE12C33EB9E006E7DD6 /* NibBasedCollectionViewCell.swift in Sources */ = {isa = PBXBuildFile; fileRef = 78671FD72C33EB9E006E7DD6 /* NibBasedCollectionViewCell.swift */; };
		78671FE22C33EB9E006E7DD6 /* NibBasedCollectionViewReusableView.swift in Sources */ = {isa = PBXBuildFile; fileRef = 78671FD82C33EB9E006E7DD6 /* NibBasedCollectionViewReusableView.swift */; };
		78671FE32C33EB9E006E7DD6 /* NibBasedTableViewCell.swift in Sources */ = {isa = PBXBuildFile; fileRef = 78671FDA2C33EB9E006E7DD6 /* NibBasedTableViewCell.swift */; };
		78671FE42C33EB9E006E7DD6 /* NibBasedTableViewHeaderFooterView.swift in Sources */ = {isa = PBXBuildFile; fileRef = 78671FDB2C33EB9E006E7DD6 /* NibBasedTableViewHeaderFooterView.swift */; };
		78671FE52C33EB9E006E7DD6 /* NibBasedControl.swift in Sources */ = {isa = PBXBuildFile; fileRef = 78671FDD2C33EB9E006E7DD6 /* NibBasedControl.swift */; };
		78671FE62C33EB9E006E7DD6 /* NibBasedView.swift in Sources */ = {isa = PBXBuildFile; fileRef = 78671FDE2C33EB9E006E7DD6 /* NibBasedView.swift */; };
		78671FE72C33EB9E006E7DD6 /* NibLoadableViewProtocol.swift in Sources */ = {isa = PBXBuildFile; fileRef = 78671FDF2C33EB9E006E7DD6 /* NibLoadableViewProtocol.swift */; };
		78A947C92C34F9830086F9A1 /* Colors.swift in Sources */ = {isa = PBXBuildFile; fileRef = 78A947C82C34F9830086F9A1 /* Colors.swift */; };
		78A947CC2C3520140086F9A1 /* CommonExtension.framework in Frameworks */ = {isa = PBXBuildFile; fileRef = 78A947CB2C3520140086F9A1 /* CommonExtension.framework */; };
		78A947CD2C3520140086F9A1 /* CommonExtension.framework in Embed Frameworks */ = {isa = PBXBuildFile; fileRef = 78A947CB2C3520140086F9A1 /* CommonExtension.framework */; settings = {ATTRIBUTES = (CodeSignOnCopy, RemoveHeadersOnCopy, ); }; };
		78A947D52C3521910086F9A1 /* Styles.swift in Sources */ = {isa = PBXBuildFile; fileRef = 78A947D42C3521910086F9A1 /* Styles.swift */; };
		78A947E72C352FA10086F9A1 /* AEOTPTextField.swift in Sources */ = {isa = PBXBuildFile; fileRef = 78A947E22C352FA10086F9A1 /* AEOTPTextField.swift */; };
		78A947E82C352FA10086F9A1 /* AEOTPTextFieldDelegate.swift in Sources */ = {isa = PBXBuildFile; fileRef = 78A947E32C352FA10086F9A1 /* AEOTPTextFieldDelegate.swift */; };
		78A947E92C352FA10086F9A1 /* AEOTPTextFieldImplementation.swift in Sources */ = {isa = PBXBuildFile; fileRef = 78A947E42C352FA10086F9A1 /* AEOTPTextFieldImplementation.swift */; };
		78A947EA2C352FA10086F9A1 /* AEOTPTextFieldImplementationProtocol.swift in Sources */ = {isa = PBXBuildFile; fileRef = 78A947E52C352FA10086F9A1 /* AEOTPTextFieldImplementationProtocol.swift */; };
		78BB8A212C34708100F3BA57 /* Fonts.swift in Sources */ = {isa = PBXBuildFile; fileRef = 78BB8A202C34708100F3BA57 /* Fonts.swift */; };
		78D82F812C364D9000D70B25 /* AlertDialog.swift in Sources */ = {isa = PBXBuildFile; fileRef = 78D82F802C364D9000D70B25 /* AlertDialog.swift */; };
/* End PBXBuildFile section */

/* Begin PBXCopyFilesBuildPhase section */
		78A947CE2C3520140086F9A1 /* Embed Frameworks */ = {
			isa = PBXCopyFilesBuildPhase;
			buildActionMask = 2147483647;
			dstPath = "";
			dstSubfolderSpec = 10;
			files = (
				78A947CD2C3520140086F9A1 /* CommonExtension.framework in Embed Frameworks */,
			);
			name = "Embed Frameworks";
			runOnlyForDeploymentPostprocessing = 0;
		};
/* End PBXCopyFilesBuildPhase section */

/* Begin PBXFileReference section */
		7861EE852C37B2B80096D925 /* BaseVC.swift */ = {isa = PBXFileReference; lastKnownFileType = sourcecode.swift; path = BaseVC.swift; sourceTree = "<group>"; };
		78671FCD2C33EB81006E7DD6 /* CommonUI.framework */ = {isa = PBXFileReference; explicitFileType = wrapper.framework; includeInIndex = 0; path = CommonUI.framework; sourceTree = BUILT_PRODUCTS_DIR; };
		78671FD02C33EB81006E7DD6 /* CommonUI.h */ = {isa = PBXFileReference; lastKnownFileType = sourcecode.c.h; path = CommonUI.h; sourceTree = "<group>"; };
		78671FD72C33EB9E006E7DD6 /* NibBasedCollectionViewCell.swift */ = {isa = PBXFileReference; fileEncoding = 4; lastKnownFileType = sourcecode.swift; path = NibBasedCollectionViewCell.swift; sourceTree = "<group>"; };
		78671FD82C33EB9E006E7DD6 /* NibBasedCollectionViewReusableView.swift */ = {isa = PBXFileReference; fileEncoding = 4; lastKnownFileType = sourcecode.swift; path = NibBasedCollectionViewReusableView.swift; sourceTree = "<group>"; };
		78671FDA2C33EB9E006E7DD6 /* NibBasedTableViewCell.swift */ = {isa = PBXFileReference; fileEncoding = 4; lastKnownFileType = sourcecode.swift; path = NibBasedTableViewCell.swift; sourceTree = "<group>"; };
		78671FDB2C33EB9E006E7DD6 /* NibBasedTableViewHeaderFooterView.swift */ = {isa = PBXFileReference; fileEncoding = 4; lastKnownFileType = sourcecode.swift; path = NibBasedTableViewHeaderFooterView.swift; sourceTree = "<group>"; };
		78671FDD2C33EB9E006E7DD6 /* NibBasedControl.swift */ = {isa = PBXFileReference; fileEncoding = 4; lastKnownFileType = sourcecode.swift; path = NibBasedControl.swift; sourceTree = "<group>"; };
		78671FDE2C33EB9E006E7DD6 /* NibBasedView.swift */ = {isa = PBXFileReference; fileEncoding = 4; lastKnownFileType = sourcecode.swift; path = NibBasedView.swift; sourceTree = "<group>"; };
		78671FDF2C33EB9E006E7DD6 /* NibLoadableViewProtocol.swift */ = {isa = PBXFileReference; fileEncoding = 4; lastKnownFileType = sourcecode.swift; path = NibLoadableViewProtocol.swift; sourceTree = "<group>"; };
		78A947C82C34F9830086F9A1 /* Colors.swift */ = {isa = PBXFileReference; lastKnownFileType = sourcecode.swift; path = Colors.swift; sourceTree = "<group>"; };
		78A947CB2C3520140086F9A1 /* CommonExtension.framework */ = {isa = PBXFileReference; explicitFileType = wrapper.framework; path = CommonExtension.framework; sourceTree = BUILT_PRODUCTS_DIR; };
		78A947D42C3521910086F9A1 /* Styles.swift */ = {isa = PBXFileReference; lastKnownFileType = sourcecode.swift; path = Styles.swift; sourceTree = "<group>"; };
		78A947E22C352FA10086F9A1 /* AEOTPTextField.swift */ = {isa = PBXFileReference; fileEncoding = 4; lastKnownFileType = sourcecode.swift; path = AEOTPTextField.swift; sourceTree = "<group>"; };
		78A947E32C352FA10086F9A1 /* AEOTPTextFieldDelegate.swift */ = {isa = PBXFileReference; fileEncoding = 4; lastKnownFileType = sourcecode.swift; path = AEOTPTextFieldDelegate.swift; sourceTree = "<group>"; };
		78A947E42C352FA10086F9A1 /* AEOTPTextFieldImplementation.swift */ = {isa = PBXFileReference; fileEncoding = 4; lastKnownFileType = sourcecode.swift; path = AEOTPTextFieldImplementation.swift; sourceTree = "<group>"; };
		78A947E52C352FA10086F9A1 /* AEOTPTextFieldImplementationProtocol.swift */ = {isa = PBXFileReference; fileEncoding = 4; lastKnownFileType = sourcecode.swift; path = AEOTPTextFieldImplementationProtocol.swift; sourceTree = "<group>"; };
		78BB8A202C34708100F3BA57 /* Fonts.swift */ = {isa = PBXFileReference; lastKnownFileType = sourcecode.swift; path = Fonts.swift; sourceTree = "<group>"; };
		78D82F802C364D9000D70B25 /* AlertDialog.swift */ = {isa = PBXFileReference; lastKnownFileType = sourcecode.swift; path = AlertDialog.swift; sourceTree = "<group>"; };
/* End PBXFileReference section */

/* Begin PBXFrameworksBuildPhase section */
		78671FCA2C33EB81006E7DD6 /* Frameworks */ = {
			isa = PBXFrameworksBuildPhase;
			buildActionMask = 2147483647;
			files = (
				78A947CC2C3520140086F9A1 /* CommonExtension.framework in Frameworks */,
			);
			runOnlyForDeploymentPostprocessing = 0;
		};
/* End PBXFrameworksBuildPhase section */

/* Begin PBXGroup section */
		78671FC32C33EB81006E7DD6 = {
			isa = PBXGroup;
			children = (
				78671FCF2C33EB81006E7DD6 /* CommonUI */,
				78671FCE2C33EB81006E7DD6 /* Products */,
				78A947CA2C3520140086F9A1 /* Frameworks */,
			);
			sourceTree = "<group>";
		};
		78671FCE2C33EB81006E7DD6 /* Products */ = {
			isa = PBXGroup;
			children = (
				78671FCD2C33EB81006E7DD6 /* CommonUI.framework */,
			);
			name = Products;
			sourceTree = "<group>";
		};
		78671FCF2C33EB81006E7DD6 /* CommonUI */ = {
			isa = PBXGroup;
			children = (
				78D82F7F2C364D7C00D70B25 /* AlertDialog */,
				78A947E12C352F940086F9A1 /* Layouts */,
				78BB8A1F2C34707A00F3BA57 /* Others */,
				78671FE02C33EB9E006E7DD6 /* nib-loadable-view */,
				78671FD02C33EB81006E7DD6 /* CommonUI.h */,
				7861EE852C37B2B80096D925 /* BaseVC.swift */,
			);
			path = CommonUI;
			sourceTree = "<group>";
		};
		78671FD92C33EB9E006E7DD6 /* collection-view */ = {
			isa = PBXGroup;
			children = (
				78671FD72C33EB9E006E7DD6 /* NibBasedCollectionViewCell.swift */,
				78671FD82C33EB9E006E7DD6 /* NibBasedCollectionViewReusableView.swift */,
			);
			path = "collection-view";
			sourceTree = "<group>";
		};
		78671FDC2C33EB9E006E7DD6 /* table-view */ = {
			isa = PBXGroup;
			children = (
				78671FDA2C33EB9E006E7DD6 /* NibBasedTableViewCell.swift */,
				78671FDB2C33EB9E006E7DD6 /* NibBasedTableViewHeaderFooterView.swift */,
			);
			path = "table-view";
			sourceTree = "<group>";
		};
		78671FE02C33EB9E006E7DD6 /* nib-loadable-view */ = {
			isa = PBXGroup;
			children = (
				78671FD92C33EB9E006E7DD6 /* collection-view */,
				78671FDC2C33EB9E006E7DD6 /* table-view */,
				78671FDD2C33EB9E006E7DD6 /* NibBasedControl.swift */,
				78671FDE2C33EB9E006E7DD6 /* NibBasedView.swift */,
				78671FDF2C33EB9E006E7DD6 /* NibLoadableViewProtocol.swift */,
			);
			path = "nib-loadable-view";
			sourceTree = "<group>";
		};
		78A947CA2C3520140086F9A1 /* Frameworks */ = {
			isa = PBXGroup;
			children = (
				78A947CB2C3520140086F9A1 /* CommonExtension.framework */,
			);
			name = Frameworks;
			sourceTree = "<group>";
		};
		78A947E12C352F940086F9A1 /* Layouts */ = {
			isa = PBXGroup;
			children = (
				78A947E62C352FA10086F9A1 /* OTPTexField */,
			);
			path = Layouts;
			sourceTree = "<group>";
		};
		78A947E62C352FA10086F9A1 /* OTPTexField */ = {
			isa = PBXGroup;
			children = (
				78A947E22C352FA10086F9A1 /* AEOTPTextField.swift */,
				78A947E32C352FA10086F9A1 /* AEOTPTextFieldDelegate.swift */,
				78A947E42C352FA10086F9A1 /* AEOTPTextFieldImplementation.swift */,
				78A947E52C352FA10086F9A1 /* AEOTPTextFieldImplementationProtocol.swift */,
			);
			path = OTPTexField;
			sourceTree = "<group>";
		};
		78BB8A1F2C34707A00F3BA57 /* Others */ = {
			isa = PBXGroup;
			children = (
				78BB8A202C34708100F3BA57 /* Fonts.swift */,
				78A947C82C34F9830086F9A1 /* Colors.swift */,
				78A947D42C3521910086F9A1 /* Styles.swift */,
			);
			path = Others;
			sourceTree = "<group>";
		};
		78D82F7F2C364D7C00D70B25 /* AlertDialog */ = {
			isa = PBXGroup;
			children = (
				78D82F802C364D9000D70B25 /* AlertDialog.swift */,
			);
			path = AlertDialog;
			sourceTree = "<group>";
		};
/* End PBXGroup section */

/* Begin PBXHeadersBuildPhase section */
		78671FC82C33EB81006E7DD6 /* Headers */ = {
			isa = PBXHeadersBuildPhase;
			buildActionMask = 2147483647;
			files = (
				78671FD12C33EB81006E7DD6 /* CommonUI.h in Headers */,
			);
			runOnlyForDeploymentPostprocessing = 0;
		};
/* End PBXHeadersBuildPhase section */

/* Begin PBXNativeTarget section */
		78671FCC2C33EB81006E7DD6 /* CommonUI */ = {
			isa = PBXNativeTarget;
			buildConfigurationList = 78671FD42C33EB81006E7DD6 /* Build configuration list for PBXNativeTarget "CommonUI" */;
			buildPhases = (
				78671FC82C33EB81006E7DD6 /* Headers */,
				78671FC92C33EB81006E7DD6 /* Sources */,
				78671FCA2C33EB81006E7DD6 /* Frameworks */,
				78671FCB2C33EB81006E7DD6 /* Resources */,
				78A947CE2C3520140086F9A1 /* Embed Frameworks */,
			);
			buildRules = (
			);
			dependencies = (
			);
			name = CommonUI;
			productName = CommonUI;
			productReference = 78671FCD2C33EB81006E7DD6 /* CommonUI.framework */;
			productType = "com.apple.product-type.framework";
		};
/* End PBXNativeTarget section */

/* Begin PBXProject section */
		78671FC42C33EB81006E7DD6 /* Project object */ = {
			isa = PBXProject;
			attributes = {
				BuildIndependentTargetsInParallel = 1;
				LastUpgradeCheck = 1540;
				TargetAttributes = {
					78671FCC2C33EB81006E7DD6 = {
						CreatedOnToolsVersion = 15.4;
					};
				};
			};
			buildConfigurationList = 78671FC72C33EB81006E7DD6 /* Build configuration list for PBXProject "CommonUI" */;
			compatibilityVersion = "Xcode 14.0";
			developmentRegion = en;
			hasScannedForEncodings = 0;
			knownRegions = (
				en,
				Base,
			);
			mainGroup = 78671FC32C33EB81006E7DD6;
			productRefGroup = 78671FCE2C33EB81006E7DD6 /* Products */;
			projectDirPath = "";
			projectRoot = "";
			targets = (
				78671FCC2C33EB81006E7DD6 /* CommonUI */,
			);
		};
/* End PBXProject section */

/* Begin PBXResourcesBuildPhase section */
		78671FCB2C33EB81006E7DD6 /* Resources */ = {
			isa = PBXResourcesBuildPhase;
			buildActionMask = 2147483647;
			files = (
			);
			runOnlyForDeploymentPostprocessing = 0;
		};
/* End PBXResourcesBuildPhase section */

/* Begin PBXSourcesBuildPhase section */
		78671FC92C33EB81006E7DD6 /* Sources */ = {
			isa = PBXSourcesBuildPhase;
			buildActionMask = 2147483647;
			files = (
				78A947E82C352FA10086F9A1 /* AEOTPTextFieldDelegate.swift in Sources */,
				78BB8A212C34708100F3BA57 /* Fonts.swift in Sources */,
				78A947D52C3521910086F9A1 /* Styles.swift in Sources */,
				78D82F812C364D9000D70B25 /* AlertDialog.swift in Sources */,
				78A947C92C34F9830086F9A1 /* Colors.swift in Sources */,
				78671FE42C33EB9E006E7DD6 /* NibBasedTableViewHeaderFooterView.swift in Sources */,
				78671FE22C33EB9E006E7DD6 /* NibBasedCollectionViewReusableView.swift in Sources */,
				78671FE62C33EB9E006E7DD6 /* NibBasedView.swift in Sources */,
				78A947E72C352FA10086F9A1 /* AEOTPTextField.swift in Sources */,
				78671FE72C33EB9E006E7DD6 /* NibLoadableViewProtocol.swift in Sources */,
				78671FE32C33EB9E006E7DD6 /* NibBasedTableViewCell.swift in Sources */,
				7861EE862C37B2B80096D925 /* BaseVC.swift in Sources */,
				78A947E92C352FA10086F9A1 /* AEOTPTextFieldImplementation.swift in Sources */,
				78A947EA2C352FA10086F9A1 /* AEOTPTextFieldImplementationProtocol.swift in Sources */,
				78671FE12C33EB9E006E7DD6 /* NibBasedCollectionViewCell.swift in Sources */,
				78671FE52C33EB9E006E7DD6 /* NibBasedControl.swift in Sources */,
			);
			runOnlyForDeploymentPostprocessing = 0;
		};
/* End PBXSourcesBuildPhase section */

/* Begin XCBuildConfiguration section */
		78671FD22C33EB81006E7DD6 /* Debug */ = {
			isa = XCBuildConfiguration;
			buildSettings = {
				ALWAYS_SEARCH_USER_PATHS = NO;
				ASSETCATALOG_COMPILER_GENERATE_SWIFT_ASSET_SYMBOL_EXTENSIONS = YES;
				CLANG_ANALYZER_NONNULL = YES;
				CLANG_ANALYZER_NUMBER_OBJECT_CONVERSION = YES_AGGRESSIVE;
				CLANG_CXX_LANGUAGE_STANDARD = "gnu++20";
				CLANG_ENABLE_MODULES = YES;
				CLANG_ENABLE_OBJC_ARC = YES;
				CLANG_ENABLE_OBJC_WEAK = YES;
				CLANG_WARN_BLOCK_CAPTURE_AUTORELEASING = YES;
				CLANG_WARN_BOOL_CONVERSION = YES;
				CLANG_WARN_COMMA = YES;
				CLANG_WARN_CONSTANT_CONVERSION = YES;
				CLANG_WARN_DEPRECATED_OBJC_IMPLEMENTATIONS = YES;
				CLANG_WARN_DIRECT_OBJC_ISA_USAGE = YES_ERROR;
				CLANG_WARN_DOCUMENTATION_COMMENTS = YES;
				CLANG_WARN_EMPTY_BODY = YES;
				CLANG_WARN_ENUM_CONVERSION = YES;
				CLANG_WARN_INFINITE_RECURSION = YES;
				CLANG_WARN_INT_CONVERSION = YES;
				CLANG_WARN_NON_LITERAL_NULL_CONVERSION = YES;
				CLANG_WARN_OBJC_IMPLICIT_RETAIN_SELF = YES;
				CLANG_WARN_OBJC_LITERAL_CONVERSION = YES;
				CLANG_WARN_OBJC_ROOT_CLASS = YES_ERROR;
				CLANG_WARN_QUOTED_INCLUDE_IN_FRAMEWORK_HEADER = YES;
				CLANG_WARN_RANGE_LOOP_ANALYSIS = YES;
				CLANG_WARN_STRICT_PROTOTYPES = YES;
				CLANG_WARN_SUSPICIOUS_MOVE = YES;
				CLANG_WARN_UNGUARDED_AVAILABILITY = YES_AGGRESSIVE;
				CLANG_WARN_UNREACHABLE_CODE = YES;
				CLANG_WARN__DUPLICATE_METHOD_MATCH = YES;
				COPY_PHASE_STRIP = NO;
				CURRENT_PROJECT_VERSION = 1;
				DEBUG_INFORMATION_FORMAT = dwarf;
				ENABLE_STRICT_OBJC_MSGSEND = YES;
				ENABLE_TESTABILITY = YES;
				ENABLE_USER_SCRIPT_SANDBOXING = YES;
				GCC_C_LANGUAGE_STANDARD = gnu17;
				GCC_DYNAMIC_NO_PIC = NO;
				GCC_NO_COMMON_BLOCKS = YES;
				GCC_OPTIMIZATION_LEVEL = 0;
				GCC_PREPROCESSOR_DEFINITIONS = (
					"DEBUG=1",
					"$(inherited)",
				);
				GCC_WARN_64_TO_32_BIT_CONVERSION = YES;
				GCC_WARN_ABOUT_RETURN_TYPE = YES_ERROR;
				GCC_WARN_UNDECLARED_SELECTOR = YES;
				GCC_WARN_UNINITIALIZED_AUTOS = YES_AGGRESSIVE;
				GCC_WARN_UNUSED_FUNCTION = YES;
				GCC_WARN_UNUSED_VARIABLE = YES;
				IPHONEOS_DEPLOYMENT_TARGET = 13.0;
				LOCALIZATION_PREFERS_STRING_CATALOGS = YES;
				MTL_ENABLE_DEBUG_INFO = INCLUDE_SOURCE;
				MTL_FAST_MATH = YES;
				ONLY_ACTIVE_ARCH = YES;
				SDKROOT = iphoneos;
				SWIFT_ACTIVE_COMPILATION_CONDITIONS = "DEBUG $(inherited)";
				SWIFT_OPTIMIZATION_LEVEL = "-Onone";
				VERSIONING_SYSTEM = "apple-generic";
				VERSION_INFO_PREFIX = "";
			};
			name = Debug;
		};
		78671FD32C33EB81006E7DD6 /* Release */ = {
			isa = XCBuildConfiguration;
			buildSettings = {
				ALWAYS_SEARCH_USER_PATHS = NO;
				ASSETCATALOG_COMPILER_GENERATE_SWIFT_ASSET_SYMBOL_EXTENSIONS = YES;
				CLANG_ANALYZER_NONNULL = YES;
				CLANG_ANALYZER_NUMBER_OBJECT_CONVERSION = YES_AGGRESSIVE;
				CLANG_CXX_LANGUAGE_STANDARD = "gnu++20";
				CLANG_ENABLE_MODULES = YES;
				CLANG_ENABLE_OBJC_ARC = YES;
				CLANG_ENABLE_OBJC_WEAK = YES;
				CLANG_WARN_BLOCK_CAPTURE_AUTORELEASING = YES;
				CLANG_WARN_BOOL_CONVERSION = YES;
				CLANG_WARN_COMMA = YES;
				CLANG_WARN_CONSTANT_CONVERSION = YES;
				CLANG_WARN_DEPRECATED_OBJC_IMPLEMENTATIONS = YES;
				CLANG_WARN_DIRECT_OBJC_ISA_USAGE = YES_ERROR;
				CLANG_WARN_DOCUMENTATION_COMMENTS = YES;
				CLANG_WARN_EMPTY_BODY = YES;
				CLANG_WARN_ENUM_CONVERSION = YES;
				CLANG_WARN_INFINITE_RECURSION = YES;
				CLANG_WARN_INT_CONVERSION = YES;
				CLANG_WARN_NON_LITERAL_NULL_CONVERSION = YES;
				CLANG_WARN_OBJC_IMPLICIT_RETAIN_SELF = YES;
				CLANG_WARN_OBJC_LITERAL_CONVERSION = YES;
				CLANG_WARN_OBJC_ROOT_CLASS = YES_ERROR;
				CLANG_WARN_QUOTED_INCLUDE_IN_FRAMEWORK_HEADER = YES;
				CLANG_WARN_RANGE_LOOP_ANALYSIS = YES;
				CLANG_WARN_STRICT_PROTOTYPES = YES;
				CLANG_WARN_SUSPICIOUS_MOVE = YES;
				CLANG_WARN_UNGUARDED_AVAILABILITY = YES_AGGRESSIVE;
				CLANG_WARN_UNREACHABLE_CODE = YES;
				CLANG_WARN__DUPLICATE_METHOD_MATCH = YES;
				COPY_PHASE_STRIP = NO;
				CURRENT_PROJECT_VERSION = 1;
				DEBUG_INFORMATION_FORMAT = "dwarf-with-dsym";
				ENABLE_NS_ASSERTIONS = NO;
				ENABLE_STRICT_OBJC_MSGSEND = YES;
				ENABLE_USER_SCRIPT_SANDBOXING = YES;
				GCC_C_LANGUAGE_STANDARD = gnu17;
				GCC_NO_COMMON_BLOCKS = YES;
				GCC_WARN_64_TO_32_BIT_CONVERSION = YES;
				GCC_WARN_ABOUT_RETURN_TYPE = YES_ERROR;
				GCC_WARN_UNDECLARED_SELECTOR = YES;
				GCC_WARN_UNINITIALIZED_AUTOS = YES_AGGRESSIVE;
				GCC_WARN_UNUSED_FUNCTION = YES;
				GCC_WARN_UNUSED_VARIABLE = YES;
				IPHONEOS_DEPLOYMENT_TARGET = 13.0;
				LOCALIZATION_PREFERS_STRING_CATALOGS = YES;
				MTL_ENABLE_DEBUG_INFO = NO;
				MTL_FAST_MATH = YES;
				SDKROOT = iphoneos;
				SWIFT_COMPILATION_MODE = wholemodule;
				VALIDATE_PRODUCT = YES;
				VERSIONING_SYSTEM = "apple-generic";
				VERSION_INFO_PREFIX = "";
			};
			name = Release;
		};
		78671FD52C33EB81006E7DD6 /* Debug */ = {
			isa = XCBuildConfiguration;
			buildSettings = {
				BUILD_LIBRARY_FOR_DISTRIBUTION = YES;
				CODE_SIGN_STYLE = Automatic;
				CURRENT_PROJECT_VERSION = 1;
				DEFINES_MODULE = YES;
				DYLIB_COMPATIBILITY_VERSION = 1;
				DYLIB_CURRENT_VERSION = 1;
				DYLIB_INSTALL_NAME_BASE = "@rpath";
				ENABLE_MODULE_VERIFIER = YES;
				GENERATE_INFOPLIST_FILE = YES;
				INFOPLIST_KEY_NSHumanReadableCopyright = "";
				INSTALL_PATH = "$(LOCAL_LIBRARY_DIR)/Frameworks";
				LD_RUNPATH_SEARCH_PATHS = (
					"$(inherited)",
					"@executable_path/Frameworks",
					"@loader_path/Frameworks",
				);
				MARKETING_VERSION = 1.0;
				MODULE_VERIFIER_SUPPORTED_LANGUAGES = "objective-c objective-c++";
				MODULE_VERIFIER_SUPPORTED_LANGUAGE_STANDARDS = "gnu17 gnu++20";
				PRODUCT_BUNDLE_IDENTIFIER = com.kuku.CommonUI;
				PRODUCT_NAME = "$(TARGET_NAME:c99extidentifier)";
				SKIP_INSTALL = YES;
				SWIFT_EMIT_LOC_STRINGS = YES;
				SWIFT_INSTALL_OBJC_HEADER = NO;
				SWIFT_VERSION = 5.0;
				TARGETED_DEVICE_FAMILY = "1,2";
			};
			name = Debug;
		};
		78671FD62C33EB81006E7DD6 /* Release */ = {
			isa = XCBuildConfiguration;
			buildSettings = {
				BUILD_LIBRARY_FOR_DISTRIBUTION = YES;
				CODE_SIGN_STYLE = Automatic;
				CURRENT_PROJECT_VERSION = 1;
				DEFINES_MODULE = YES;
				DYLIB_COMPATIBILITY_VERSION = 1;
				DYLIB_CURRENT_VERSION = 1;
				DYLIB_INSTALL_NAME_BASE = "@rpath";
				ENABLE_MODULE_VERIFIER = YES;
				GENERATE_INFOPLIST_FILE = YES;
				INFOPLIST_KEY_NSHumanReadableCopyright = "";
				INSTALL_PATH = "$(LOCAL_LIBRARY_DIR)/Frameworks";
				LD_RUNPATH_SEARCH_PATHS = (
					"$(inherited)",
					"@executable_path/Frameworks",
					"@loader_path/Frameworks",
				);
				MARKETING_VERSION = 1.0;
				MODULE_VERIFIER_SUPPORTED_LANGUAGES = "objective-c objective-c++";
				MODULE_VERIFIER_SUPPORTED_LANGUAGE_STANDARDS = "gnu17 gnu++20";
				PRODUCT_BUNDLE_IDENTIFIER = com.kuku.CommonUI;
				PRODUCT_NAME = "$(TARGET_NAME:c99extidentifier)";
				SKIP_INSTALL = YES;
				SWIFT_EMIT_LOC_STRINGS = YES;
				SWIFT_INSTALL_OBJC_HEADER = NO;
				SWIFT_VERSION = 5.0;
				TARGETED_DEVICE_FAMILY = "1,2";
			};
			name = Release;
		};
/* End XCBuildConfiguration section */

/* Begin XCConfigurationList section */
		78671FC72C33EB81006E7DD6 /* Build configuration list for PBXProject "CommonUI" */ = {
			isa = XCConfigurationList;
			buildConfigurations = (
				78671FD22C33EB81006E7DD6 /* Debug */,
				78671FD32C33EB81006E7DD6 /* Release */,
			);
			defaultConfigurationIsVisible = 0;
			defaultConfigurationName = Release;
		};
		78671FD42C33EB81006E7DD6 /* Build configuration list for PBXNativeTarget "CommonUI" */ = {
			isa = XCConfigurationList;
			buildConfigurations = (
				78671FD52C33EB81006E7DD6 /* Debug */,
				78671FD62C33EB81006E7DD6 /* Release */,
			);
			defaultConfigurationIsVisible = 0;
			defaultConfigurationName = Release;
		};
/* End XCConfigurationList section */
	};
	rootObject = 78671FC42C33EB81006E7DD6 /* Project object */;
}
